// !$*UTF8*$!
{
	archiveVersion = 1;
	classes = {
	};
	objectVersion = 46;
	objects = {

/* Begin PBXBuildFile section */
		4E00C70622C7153800DD33CF /* 16zone_new.cpp in Sources */ = {isa = PBXBuildFile; fileRef = 4E00C70522C7153800DD33CF /* 16zone_new.cpp */; };
		4E00C72022C736B700DD33CF /* 炸弹.cpp in Sources */ = {isa = PBXBuildFile; fileRef = 4E00C71022C7368700DD33CF /* 炸弹.cpp */; };
		4E0C176922B4BF0700FD87A2 /* 16宫格.cpp in Sources */ = {isa = PBXBuildFile; fileRef = 4E0C176822B4BF0700FD87A2 /* 16宫格.cpp */; };
		4E0C177422B4D92E00FD87A2 /* 16zone_debug.cpp in Sources */ = {isa = PBXBuildFile; fileRef = 4E0C177322B4D92E00FD87A2 /* 16zone_debug.cpp */; };
		4E229D8822AB7E8E0099F037 /* TestEnv.cpp in Sources */ = {isa = PBXBuildFile; fileRef = 4E229D8722AB7E8E0099F037 /* TestEnv.cpp */; };
		4E229D9022AB82040099F037 /* 九宫格.cpp in Sources */ = {isa = PBXBuildFile; fileRef = 4E229D8F22AB82040099F037 /* 九宫格.cpp */; };
		4E229D9B22AB96710099F037 /* 八数码问题.cpp in Sources */ = {isa = PBXBuildFile; fileRef = 4E229D9A22AB96710099F037 /* 八数码问题.cpp */; };
		4E22EDA122C8C750004E360F /* 逆波兰表达式.cpp in Sources */ = {isa = PBXBuildFile; fileRef = 4E22EDA022C8C750004E360F /* 逆波兰表达式.cpp */; };
		4E22EDB122C8CB10004E360F /* 循环调度程序.cpp in Sources */ = {isa = PBXBuildFile; fileRef = 4E22EDAB22C8C982004E360F /* 循环调度程序.cpp */; };
		4E22EDB922C8D557004E360F /* 链表查询.cpp in Sources */ = {isa = PBXBuildFile; fileRef = 4E22EDB822C8D557004E360F /* 链表查询.cpp */; };
		4E22EDC422C8DD2F004E360F /* 自定义链表.cpp in Sources */ = {isa = PBXBuildFile; fileRef = 4E22EDC322C8DD2F004E360F /* 自定义链表.cpp */; };
		4E22EDCF22C90033004E360F /* 邻值查找.cpp in Sources */ = {isa = PBXBuildFile; fileRef = 4E22EDCE22C90033004E360F /* 邻值查找.cpp */; };
		4E23368E22CA30A400410E6A /* 切割木头.cpp in Sources */ = {isa = PBXBuildFile; fileRef = 4E23368D22CA30A400410E6A /* 切割木头.cpp */; };
		4E51D06F22C908F600E7DF1C /* stl_list.cpp in Sources */ = {isa = PBXBuildFile; fileRef = 4E51D06E22C908F600E7DF1C /* stl_list.cpp */; };
		4E51D07A22CA1C8100E7DF1C /* 简单二分.cpp in Sources */ = {isa = PBXBuildFile; fileRef = 4E51D07922CA1C8100E7DF1C /* 简单二分.cpp */; };
		4E51D09022CA1F5100E7DF1C /* 最大装载(二分).cpp in Sources */ = {isa = PBXBuildFile; fileRef = 4E51D08F22CA1F5100E7DF1C /* 最大装载(二分).cpp */; };
		4E5F85C822C7C2BD00C7C8A2 /* 1000.cpp in Sources */ = {isa = PBXBuildFile; fileRef = 4E5F85C722C7C2BD00C7C8A2 /* 1000.cpp */; };
		4E5F85D922C8371400C7C8A2 /* 1001.cpp in Sources */ = {isa = PBXBuildFile; fileRef = 4E5F85D222C836BF00C7C8A2 /* 1001.cpp */; };
		4E5F85E122C8444600C7C8A2 /* 1002.cpp in Sources */ = {isa = PBXBuildFile; fileRef = 4E5F85E022C8444600C7C8A2 /* 1002.cpp */; };
		4E5F85EC22C845E000C7C8A2 /* 1003.cpp in Sources */ = {isa = PBXBuildFile; fileRef = 4E5F85EB22C845E000C7C8A2 /* 1003.cpp */; };
		4EED013022C86DBE00DD4935 /* 1004.cpp in Sources */ = {isa = PBXBuildFile; fileRef = 4EED012F22C86DBE00DD4935 /* 1004.cpp */; };
		4EED013B22C86EF200DD4935 /* 1005.cpp in Sources */ = {isa = PBXBuildFile; fileRef = 4EED013A22C86EF200DD4935 /* 1005.cpp */; };
		4EED014622C8704000DD4935 /* 1006.cpp in Sources */ = {isa = PBXBuildFile; fileRef = 4EED014522C8704000DD4935 /* 1006.cpp */; };
		4EED015122C892AE00DD4935 /* 1007.cpp in Sources */ = {isa = PBXBuildFile; fileRef = 4EED015022C892AE00DD4935 /* 1007.cpp */; };
		4EED015C22C8944600DD4935 /* 1008.cpp in Sources */ = {isa = PBXBuildFile; fileRef = 4EED015B22C8944600DD4935 /* 1008.cpp */; };
		4EFAFE0522C755D000DC8D7C /* IncDec.cpp in Sources */ = {isa = PBXBuildFile; fileRef = 4EFAFE0422C755D000DC8D7C /* IncDec.cpp */; };
/* End PBXBuildFile section */

/* Begin PBXCopyFilesBuildPhase section */
		4E00C70122C7153700DD33CF /* CopyFiles */ = {
			isa = PBXCopyFilesBuildPhase;
			buildActionMask = 2147483647;
			dstPath = /usr/share/man/man1/;
			dstSubfolderSpec = 0;
			files = (
			);
			runOnlyForDeploymentPostprocessing = 1;
		};
		4E00C71722C736AF00DD33CF /* CopyFiles */ = {
			isa = PBXCopyFilesBuildPhase;
			buildActionMask = 2147483647;
			dstPath = /usr/share/man/man1/;
			dstSubfolderSpec = 0;
			files = (
			);
			runOnlyForDeploymentPostprocessing = 1;
		};
		4E0C176422B4BF0700FD87A2 /* CopyFiles */ = {
			isa = PBXCopyFilesBuildPhase;
			buildActionMask = 2147483647;
			dstPath = /usr/share/man/man1/;
			dstSubfolderSpec = 0;
			files = (
			);
			runOnlyForDeploymentPostprocessing = 1;
		};
		4E0C176F22B4D92E00FD87A2 /* CopyFiles */ = {
			isa = PBXCopyFilesBuildPhase;
			buildActionMask = 2147483647;
			dstPath = /usr/share/man/man1/;
			dstSubfolderSpec = 0;
			files = (
			);
			runOnlyForDeploymentPostprocessing = 1;
		};
		4E229D7E22AB7E6A0099F037 /* CopyFiles */ = {
			isa = PBXCopyFilesBuildPhase;
			buildActionMask = 2147483647;
			dstPath = /usr/share/man/man1/;
			dstSubfolderSpec = 0;
			files = (
			);
			runOnlyForDeploymentPostprocessing = 1;
		};
		4E229D8B22AB82040099F037 /* CopyFiles */ = {
			isa = PBXCopyFilesBuildPhase;
			buildActionMask = 2147483647;
			dstPath = /usr/share/man/man1/;
			dstSubfolderSpec = 0;
			files = (
			);
			runOnlyForDeploymentPostprocessing = 1;
		};
		4E229D9622AB96710099F037 /* CopyFiles */ = {
			isa = PBXCopyFilesBuildPhase;
			buildActionMask = 2147483647;
			dstPath = /usr/share/man/man1/;
			dstSubfolderSpec = 0;
			files = (
			);
			runOnlyForDeploymentPostprocessing = 1;
		};
		4E22ED9C22C8C750004E360F /* CopyFiles */ = {
			isa = PBXCopyFilesBuildPhase;
			buildActionMask = 2147483647;
			dstPath = /usr/share/man/man1/;
			dstSubfolderSpec = 0;
			files = (
			);
			runOnlyForDeploymentPostprocessing = 1;
		};
		4E22EDA722C8C982004E360F /* CopyFiles */ = {
			isa = PBXCopyFilesBuildPhase;
			buildActionMask = 2147483647;
			dstPath = /usr/share/man/man1/;
			dstSubfolderSpec = 0;
			files = (
			);
			runOnlyForDeploymentPostprocessing = 1;
		};
		4E22EDB422C8D557004E360F /* CopyFiles */ = {
			isa = PBXCopyFilesBuildPhase;
			buildActionMask = 2147483647;
			dstPath = /usr/share/man/man1/;
			dstSubfolderSpec = 0;
			files = (
			);
			runOnlyForDeploymentPostprocessing = 1;
		};
		4E22EDBF22C8DD2F004E360F /* CopyFiles */ = {
			isa = PBXCopyFilesBuildPhase;
			buildActionMask = 2147483647;
			dstPath = /usr/share/man/man1/;
			dstSubfolderSpec = 0;
			files = (
			);
			runOnlyForDeploymentPostprocessing = 1;
		};
		4E22EDCA22C90033004E360F /* CopyFiles */ = {
			isa = PBXCopyFilesBuildPhase;
			buildActionMask = 2147483647;
			dstPath = /usr/share/man/man1/;
			dstSubfolderSpec = 0;
			files = (
			);
			runOnlyForDeploymentPostprocessing = 1;
		};
		4E23368922CA30A400410E6A /* CopyFiles */ = {
			isa = PBXCopyFilesBuildPhase;
			buildActionMask = 2147483647;
			dstPath = /usr/share/man/man1/;
			dstSubfolderSpec = 0;
			files = (
			);
			runOnlyForDeploymentPostprocessing = 1;
		};
		4E51D06A22C908F600E7DF1C /* CopyFiles */ = {
			isa = PBXCopyFilesBuildPhase;
			buildActionMask = 2147483647;
			dstPath = /usr/share/man/man1/;
			dstSubfolderSpec = 0;
			files = (
			);
			runOnlyForDeploymentPostprocessing = 1;
		};
		4E51D07522CA1C8000E7DF1C /* CopyFiles */ = {
			isa = PBXCopyFilesBuildPhase;
			buildActionMask = 2147483647;
			dstPath = /usr/share/man/man1/;
			dstSubfolderSpec = 0;
			files = (
			);
			runOnlyForDeploymentPostprocessing = 1;
		};
		4E51D08B22CA1F5100E7DF1C /* CopyFiles */ = {
			isa = PBXCopyFilesBuildPhase;
			buildActionMask = 2147483647;
			dstPath = /usr/share/man/man1/;
			dstSubfolderSpec = 0;
			files = (
			);
			runOnlyForDeploymentPostprocessing = 1;
		};
		4E5F85C322C7C2BD00C7C8A2 /* CopyFiles */ = {
			isa = PBXCopyFilesBuildPhase;
			buildActionMask = 2147483647;
			dstPath = /usr/share/man/man1/;
			dstSubfolderSpec = 0;
			files = (
			);
			runOnlyForDeploymentPostprocessing = 1;
		};
		4E5F85CE22C836BF00C7C8A2 /* CopyFiles */ = {
			isa = PBXCopyFilesBuildPhase;
			buildActionMask = 2147483647;
			dstPath = /usr/share/man/man1/;
			dstSubfolderSpec = 0;
			files = (
			);
			runOnlyForDeploymentPostprocessing = 1;
		};
		4E5F85DC22C8444600C7C8A2 /* CopyFiles */ = {
			isa = PBXCopyFilesBuildPhase;
			buildActionMask = 2147483647;
			dstPath = /usr/share/man/man1/;
			dstSubfolderSpec = 0;
			files = (
			);
			runOnlyForDeploymentPostprocessing = 1;
		};
		4E5F85E722C845E000C7C8A2 /* CopyFiles */ = {
			isa = PBXCopyFilesBuildPhase;
			buildActionMask = 2147483647;
			dstPath = /usr/share/man/man1/;
			dstSubfolderSpec = 0;
			files = (
			);
			runOnlyForDeploymentPostprocessing = 1;
		};
		4EED012B22C86DBE00DD4935 /* CopyFiles */ = {
			isa = PBXCopyFilesBuildPhase;
			buildActionMask = 2147483647;
			dstPath = /usr/share/man/man1/;
			dstSubfolderSpec = 0;
			files = (
			);
			runOnlyForDeploymentPostprocessing = 1;
		};
		4EED013622C86EF200DD4935 /* CopyFiles */ = {
			isa = PBXCopyFilesBuildPhase;
			buildActionMask = 2147483647;
			dstPath = /usr/share/man/man1/;
			dstSubfolderSpec = 0;
			files = (
			);
			runOnlyForDeploymentPostprocessing = 1;
		};
		4EED014122C8704000DD4935 /* CopyFiles */ = {
			isa = PBXCopyFilesBuildPhase;
			buildActionMask = 2147483647;
			dstPath = /usr/share/man/man1/;
			dstSubfolderSpec = 0;
			files = (
			);
			runOnlyForDeploymentPostprocessing = 1;
		};
		4EED014C22C892AE00DD4935 /* CopyFiles */ = {
			isa = PBXCopyFilesBuildPhase;
			buildActionMask = 2147483647;
			dstPath = /usr/share/man/man1/;
			dstSubfolderSpec = 0;
			files = (
			);
			runOnlyForDeploymentPostprocessing = 1;
		};
		4EED015722C8944600DD4935 /* CopyFiles */ = {
			isa = PBXCopyFilesBuildPhase;
			buildActionMask = 2147483647;
			dstPath = /usr/share/man/man1/;
			dstSubfolderSpec = 0;
			files = (
			);
			runOnlyForDeploymentPostprocessing = 1;
		};
		4EFAFE0022C755CF00DC8D7C /* CopyFiles */ = {
			isa = PBXCopyFilesBuildPhase;
			buildActionMask = 2147483647;
			dstPath = /usr/share/man/man1/;
			dstSubfolderSpec = 0;
			files = (
			);
			runOnlyForDeploymentPostprocessing = 1;
		};
/* End PBXCopyFilesBuildPhase section */

/* Begin PBXFileReference section */
		4E00C70322C7153700DD33CF /* 16zone_new */ = {isa = PBXFileReference; explicitFileType = "compiled.mach-o.executable"; includeInIndex = 0; path = 16zone_new; sourceTree = BUILT_PRODUCTS_DIR; };
		4E00C70522C7153800DD33CF /* 16zone_new.cpp */ = {isa = PBXFileReference; lastKnownFileType = sourcecode.cpp.cpp; path = 16zone_new.cpp; sourceTree = "<group>"; };
		4E00C71022C7368700DD33CF /* 炸弹.cpp */ = {isa = PBXFileReference; lastKnownFileType = sourcecode.cpp.cpp; path = "炸弹.cpp"; sourceTree = "<group>"; };
		4E00C71922C736AF00DD33CF /* 炸弹 */ = {isa = PBXFileReference; explicitFileType = "compiled.mach-o.executable"; includeInIndex = 0; path = "炸弹"; sourceTree = BUILT_PRODUCTS_DIR; };
		4E0C176622B4BF0700FD87A2 /* 16宫格 */ = {isa = PBXFileReference; explicitFileType = "compiled.mach-o.executable"; includeInIndex = 0; path = "16宫格"; sourceTree = BUILT_PRODUCTS_DIR; };
		4E0C176822B4BF0700FD87A2 /* 16宫格.cpp */ = {isa = PBXFileReference; lastKnownFileType = sourcecode.cpp.cpp; path = "16宫格.cpp"; sourceTree = "<group>"; };
		4E0C177122B4D92E00FD87A2 /* 16zone_debug */ = {isa = PBXFileReference; explicitFileType = "compiled.mach-o.executable"; includeInIndex = 0; path = 16zone_debug; sourceTree = BUILT_PRODUCTS_DIR; };
		4E0C177322B4D92E00FD87A2 /* 16zone_debug.cpp */ = {isa = PBXFileReference; lastKnownFileType = sourcecode.cpp.cpp; path = 16zone_debug.cpp; sourceTree = "<group>"; };
		4E229D8022AB7E6A0099F037 /* TestEnv */ = {isa = PBXFileReference; explicitFileType = "compiled.mach-o.executable"; includeInIndex = 0; path = TestEnv; sourceTree = BUILT_PRODUCTS_DIR; };
		4E229D8722AB7E8E0099F037 /* TestEnv.cpp */ = {isa = PBXFileReference; lastKnownFileType = sourcecode.cpp.cpp; path = TestEnv.cpp; sourceTree = "<group>"; };
		4E229D8D22AB82040099F037 /* 九宫格 */ = {isa = PBXFileReference; explicitFileType = "compiled.mach-o.executable"; includeInIndex = 0; path = "九宫格"; sourceTree = BUILT_PRODUCTS_DIR; };
		4E229D8F22AB82040099F037 /* 九宫格.cpp */ = {isa = PBXFileReference; lastKnownFileType = sourcecode.cpp.cpp; path = "九宫格.cpp"; sourceTree = "<group>"; };
		4E229D9822AB96710099F037 /* 八数码问题 */ = {isa = PBXFileReference; explicitFileType = "compiled.mach-o.executable"; includeInIndex = 0; path = "八数码问题"; sourceTree = BUILT_PRODUCTS_DIR; };
		4E229D9A22AB96710099F037 /* 八数码问题.cpp */ = {isa = PBXFileReference; lastKnownFileType = sourcecode.cpp.cpp; path = "八数码问题.cpp"; sourceTree = "<group>"; };
		4E22ED9E22C8C750004E360F /* 逆波兰表达式 */ = {isa = PBXFileReference; explicitFileType = "compiled.mach-o.executable"; includeInIndex = 0; path = "逆波兰表达式"; sourceTree = BUILT_PRODUCTS_DIR; };
		4E22EDA022C8C750004E360F /* 逆波兰表达式.cpp */ = {isa = PBXFileReference; lastKnownFileType = sourcecode.cpp.cpp; path = "逆波兰表达式.cpp"; sourceTree = "<group>"; };
		4E22EDA922C8C982004E360F /* 循环调度程序 */ = {isa = PBXFileReference; explicitFileType = "compiled.mach-o.executable"; includeInIndex = 0; path = "循环调度程序"; sourceTree = BUILT_PRODUCTS_DIR; };
		4E22EDAB22C8C982004E360F /* 循环调度程序.cpp */ = {isa = PBXFileReference; lastKnownFileType = sourcecode.cpp.cpp; path = "循环调度程序.cpp"; sourceTree = "<group>"; };
		4E22EDB622C8D557004E360F /* 链表查询 */ = {isa = PBXFileReference; explicitFileType = "compiled.mach-o.executable"; includeInIndex = 0; path = "链表查询"; sourceTree = BUILT_PRODUCTS_DIR; };
		4E22EDB822C8D557004E360F /* 链表查询.cpp */ = {isa = PBXFileReference; lastKnownFileType = sourcecode.cpp.cpp; path = "链表查询.cpp"; sourceTree = "<group>"; };
		4E22EDC122C8DD2F004E360F /* 自定义链表 */ = {isa = PBXFileReference; explicitFileType = "compiled.mach-o.executable"; includeInIndex = 0; path = "自定义链表"; sourceTree = BUILT_PRODUCTS_DIR; };
		4E22EDC322C8DD2F004E360F /* 自定义链表.cpp */ = {isa = PBXFileReference; lastKnownFileType = sourcecode.cpp.cpp; path = "自定义链表.cpp"; sourceTree = "<group>"; };
		4E22EDCC22C90033004E360F /* 邻值查找 */ = {isa = PBXFileReference; explicitFileType = "compiled.mach-o.executable"; includeInIndex = 0; path = "邻值查找"; sourceTree = BUILT_PRODUCTS_DIR; };
		4E22EDCE22C90033004E360F /* 邻值查找.cpp */ = {isa = PBXFileReference; lastKnownFileType = sourcecode.cpp.cpp; path = "邻值查找.cpp"; sourceTree = "<group>"; };
		4E23368B22CA30A400410E6A /* 切割木头 */ = {isa = PBXFileReference; explicitFileType = "compiled.mach-o.executable"; includeInIndex = 0; path = "切割木头"; sourceTree = BUILT_PRODUCTS_DIR; };
		4E23368D22CA30A400410E6A /* 切割木头.cpp */ = {isa = PBXFileReference; lastKnownFileType = sourcecode.cpp.cpp; path = "切割木头.cpp"; sourceTree = "<group>"; };
		4E51D06C22C908F600E7DF1C /* stl_list */ = {isa = PBXFileReference; explicitFileType = "compiled.mach-o.executable"; includeInIndex = 0; path = stl_list; sourceTree = BUILT_PRODUCTS_DIR; };
		4E51D06E22C908F600E7DF1C /* stl_list.cpp */ = {isa = PBXFileReference; lastKnownFileType = sourcecode.cpp.cpp; path = stl_list.cpp; sourceTree = "<group>"; };
		4E51D07722CA1C8000E7DF1C /* 简单二分 */ = {isa = PBXFileReference; explicitFileType = "compiled.mach-o.executable"; includeInIndex = 0; path = "简单二分"; sourceTree = BUILT_PRODUCTS_DIR; };
		4E51D07922CA1C8100E7DF1C /* 简单二分.cpp */ = {isa = PBXFileReference; lastKnownFileType = sourcecode.cpp.cpp; path = "简单二分.cpp"; sourceTree = "<group>"; };
		4E51D08D22CA1F5100E7DF1C /* 最大装载(二分) */ = {isa = PBXFileReference; explicitFileType = "compiled.mach-o.executable"; includeInIndex = 0; path = "最大装载(二分)"; sourceTree = BUILT_PRODUCTS_DIR; };
		4E51D08F22CA1F5100E7DF1C /* 最大装载(二分).cpp */ = {isa = PBXFileReference; lastKnownFileType = sourcecode.cpp.cpp; path = "最大装载(二分).cpp"; sourceTree = "<group>"; };
		4E5F85C522C7C2BD00C7C8A2 /* 1000 */ = {isa = PBXFileReference; explicitFileType = "compiled.mach-o.executable"; includeInIndex = 0; path = 1000; sourceTree = BUILT_PRODUCTS_DIR; };
		4E5F85C722C7C2BD00C7C8A2 /* 1000.cpp */ = {isa = PBXFileReference; lastKnownFileType = sourcecode.cpp.cpp; path = 1000.cpp; sourceTree = "<group>"; };
		4E5F85D022C836BF00C7C8A2 /* 1001 */ = {isa = PBXFileReference; explicitFileType = "compiled.mach-o.executable"; includeInIndex = 0; path = 1001; sourceTree = BUILT_PRODUCTS_DIR; };
		4E5F85D222C836BF00C7C8A2 /* 1001.cpp */ = {isa = PBXFileReference; lastKnownFileType = sourcecode.cpp.cpp; path = 1001.cpp; sourceTree = "<group>"; };
		4E5F85DE22C8444600C7C8A2 /* 1002 */ = {isa = PBXFileReference; explicitFileType = "compiled.mach-o.executable"; includeInIndex = 0; path = 1002; sourceTree = BUILT_PRODUCTS_DIR; };
		4E5F85E022C8444600C7C8A2 /* 1002.cpp */ = {isa = PBXFileReference; lastKnownFileType = sourcecode.cpp.cpp; path = 1002.cpp; sourceTree = "<group>"; };
		4E5F85E922C845E000C7C8A2 /* 1003 */ = {isa = PBXFileReference; explicitFileType = "compiled.mach-o.executable"; includeInIndex = 0; path = 1003; sourceTree = BUILT_PRODUCTS_DIR; };
		4E5F85EB22C845E000C7C8A2 /* 1003.cpp */ = {isa = PBXFileReference; lastKnownFileType = sourcecode.cpp.cpp; path = 1003.cpp; sourceTree = "<group>"; };
		4EED012D22C86DBE00DD4935 /* 1004 */ = {isa = PBXFileReference; explicitFileType = "compiled.mach-o.executable"; includeInIndex = 0; path = 1004; sourceTree = BUILT_PRODUCTS_DIR; };
		4EED012F22C86DBE00DD4935 /* 1004.cpp */ = {isa = PBXFileReference; lastKnownFileType = sourcecode.cpp.cpp; path = 1004.cpp; sourceTree = "<group>"; };
		4EED013822C86EF200DD4935 /* 1005 */ = {isa = PBXFileReference; explicitFileType = "compiled.mach-o.executable"; includeInIndex = 0; path = 1005; sourceTree = BUILT_PRODUCTS_DIR; };
		4EED013A22C86EF200DD4935 /* 1005.cpp */ = {isa = PBXFileReference; lastKnownFileType = sourcecode.cpp.cpp; path = 1005.cpp; sourceTree = "<group>"; };
		4EED014322C8704000DD4935 /* 1006 */ = {isa = PBXFileReference; explicitFileType = "compiled.mach-o.executable"; includeInIndex = 0; path = 1006; sourceTree = BUILT_PRODUCTS_DIR; };
		4EED014522C8704000DD4935 /* 1006.cpp */ = {isa = PBXFileReference; lastKnownFileType = sourcecode.cpp.cpp; path = 1006.cpp; sourceTree = "<group>"; };
		4EED014E22C892AE00DD4935 /* 1007 */ = {isa = PBXFileReference; explicitFileType = "compiled.mach-o.executable"; includeInIndex = 0; path = 1007; sourceTree = BUILT_PRODUCTS_DIR; };
		4EED015022C892AE00DD4935 /* 1007.cpp */ = {isa = PBXFileReference; lastKnownFileType = sourcecode.cpp.cpp; path = 1007.cpp; sourceTree = "<group>"; };
		4EED015922C8944600DD4935 /* 1008 */ = {isa = PBXFileReference; explicitFileType = "compiled.mach-o.executable"; includeInIndex = 0; path = 1008; sourceTree = BUILT_PRODUCTS_DIR; };
		4EED015B22C8944600DD4935 /* 1008.cpp */ = {isa = PBXFileReference; lastKnownFileType = sourcecode.cpp.cpp; path = 1008.cpp; sourceTree = "<group>"; };
		4EFAFE0222C755CF00DC8D7C /* IncDec */ = {isa = PBXFileReference; explicitFileType = "compiled.mach-o.executable"; includeInIndex = 0; path = IncDec; sourceTree = BUILT_PRODUCTS_DIR; };
		4EFAFE0422C755D000DC8D7C /* IncDec.cpp */ = {isa = PBXFileReference; lastKnownFileType = sourcecode.cpp.cpp; path = IncDec.cpp; sourceTree = "<group>"; };
/* End PBXFileReference section */

/* Begin PBXFrameworksBuildPhase section */
		4E00C70022C7153700DD33CF /* Frameworks */ = {
			isa = PBXFrameworksBuildPhase;
			buildActionMask = 2147483647;
			files = (
			);
			runOnlyForDeploymentPostprocessing = 0;
		};
		4E00C71622C736AF00DD33CF /* Frameworks */ = {
			isa = PBXFrameworksBuildPhase;
			buildActionMask = 2147483647;
			files = (
			);
			runOnlyForDeploymentPostprocessing = 0;
		};
		4E0C176322B4BF0700FD87A2 /* Frameworks */ = {
			isa = PBXFrameworksBuildPhase;
			buildActionMask = 2147483647;
			files = (
			);
			runOnlyForDeploymentPostprocessing = 0;
		};
		4E0C176E22B4D92E00FD87A2 /* Frameworks */ = {
			isa = PBXFrameworksBuildPhase;
			buildActionMask = 2147483647;
			files = (
			);
			runOnlyForDeploymentPostprocessing = 0;
		};
		4E229D7D22AB7E6A0099F037 /* Frameworks */ = {
			isa = PBXFrameworksBuildPhase;
			buildActionMask = 2147483647;
			files = (
			);
			runOnlyForDeploymentPostprocessing = 0;
		};
		4E229D8A22AB82040099F037 /* Frameworks */ = {
			isa = PBXFrameworksBuildPhase;
			buildActionMask = 2147483647;
			files = (
			);
			runOnlyForDeploymentPostprocessing = 0;
		};
		4E229D9522AB96710099F037 /* Frameworks */ = {
			isa = PBXFrameworksBuildPhase;
			buildActionMask = 2147483647;
			files = (
			);
			runOnlyForDeploymentPostprocessing = 0;
		};
		4E22ED9B22C8C750004E360F /* Frameworks */ = {
			isa = PBXFrameworksBuildPhase;
			buildActionMask = 2147483647;
			files = (
			);
			runOnlyForDeploymentPostprocessing = 0;
		};
		4E22EDA622C8C982004E360F /* Frameworks */ = {
			isa = PBXFrameworksBuildPhase;
			buildActionMask = 2147483647;
			files = (
			);
			runOnlyForDeploymentPostprocessing = 0;
		};
		4E22EDB322C8D557004E360F /* Frameworks */ = {
			isa = PBXFrameworksBuildPhase;
			buildActionMask = 2147483647;
			files = (
			);
			runOnlyForDeploymentPostprocessing = 0;
		};
		4E22EDBE22C8DD2F004E360F /* Frameworks */ = {
			isa = PBXFrameworksBuildPhase;
			buildActionMask = 2147483647;
			files = (
			);
			runOnlyForDeploymentPostprocessing = 0;
		};
		4E22EDC922C90033004E360F /* Frameworks */ = {
			isa = PBXFrameworksBuildPhase;
			buildActionMask = 2147483647;
			files = (
			);
			runOnlyForDeploymentPostprocessing = 0;
		};
		4E23368822CA30A400410E6A /* Frameworks */ = {
			isa = PBXFrameworksBuildPhase;
			buildActionMask = 2147483647;
			files = (
			);
			runOnlyForDeploymentPostprocessing = 0;
		};
		4E51D06922C908F600E7DF1C /* Frameworks */ = {
			isa = PBXFrameworksBuildPhase;
			buildActionMask = 2147483647;
			files = (
			);
			runOnlyForDeploymentPostprocessing = 0;
		};
		4E51D07422CA1C8000E7DF1C /* Frameworks */ = {
			isa = PBXFrameworksBuildPhase;
			buildActionMask = 2147483647;
			files = (
			);
			runOnlyForDeploymentPostprocessing = 0;
		};
		4E51D08A22CA1F5100E7DF1C /* Frameworks */ = {
			isa = PBXFrameworksBuildPhase;
			buildActionMask = 2147483647;
			files = (
			);
			runOnlyForDeploymentPostprocessing = 0;
		};
		4E5F85C222C7C2BD00C7C8A2 /* Frameworks */ = {
			isa = PBXFrameworksBuildPhase;
			buildActionMask = 2147483647;
			files = (
			);
			runOnlyForDeploymentPostprocessing = 0;
		};
		4E5F85CD22C836BF00C7C8A2 /* Frameworks */ = {
			isa = PBXFrameworksBuildPhase;
			buildActionMask = 2147483647;
			files = (
			);
			runOnlyForDeploymentPostprocessing = 0;
		};
		4E5F85DB22C8444600C7C8A2 /* Frameworks */ = {
			isa = PBXFrameworksBuildPhase;
			buildActionMask = 2147483647;
			files = (
			);
			runOnlyForDeploymentPostprocessing = 0;
		};
		4E5F85E622C845E000C7C8A2 /* Frameworks */ = {
			isa = PBXFrameworksBuildPhase;
			buildActionMask = 2147483647;
			files = (
			);
			runOnlyForDeploymentPostprocessing = 0;
		};
		4EED012A22C86DBE00DD4935 /* Frameworks */ = {
			isa = PBXFrameworksBuildPhase;
			buildActionMask = 2147483647;
			files = (
			);
			runOnlyForDeploymentPostprocessing = 0;
		};
		4EED013522C86EF200DD4935 /* Frameworks */ = {
			isa = PBXFrameworksBuildPhase;
			buildActionMask = 2147483647;
			files = (
			);
			runOnlyForDeploymentPostprocessing = 0;
		};
		4EED014022C8704000DD4935 /* Frameworks */ = {
			isa = PBXFrameworksBuildPhase;
			buildActionMask = 2147483647;
			files = (
			);
			runOnlyForDeploymentPostprocessing = 0;
		};
		4EED014B22C892AE00DD4935 /* Frameworks */ = {
			isa = PBXFrameworksBuildPhase;
			buildActionMask = 2147483647;
			files = (
			);
			runOnlyForDeploymentPostprocessing = 0;
		};
		4EED015622C8944600DD4935 /* Frameworks */ = {
			isa = PBXFrameworksBuildPhase;
			buildActionMask = 2147483647;
			files = (
			);
			runOnlyForDeploymentPostprocessing = 0;
		};
		4EFAFDFF22C755CF00DC8D7C /* Frameworks */ = {
			isa = PBXFrameworksBuildPhase;
			buildActionMask = 2147483647;
			files = (
			);
			runOnlyForDeploymentPostprocessing = 0;
		};
/* End PBXFrameworksBuildPhase section */

/* Begin PBXGroup section */
		4E00C70F22C7368700DD33CF /* 差分数列和前缀和 */ = {
			isa = PBXGroup;
			children = (
				4E00C71022C7368700DD33CF /* 炸弹.cpp */,
				4EFAFE0422C755D000DC8D7C /* IncDec.cpp */,
			);
			path = "差分数列和前缀和";
			sourceTree = "<group>";
		};
		4E22ED9422C8C676004E360F /* 数据结构 */ = {
			isa = PBXGroup;
			children = (
				4E22EDA022C8C750004E360F /* 逆波兰表达式.cpp */,
				4E22EDAB22C8C982004E360F /* 循环调度程序.cpp */,
				4E22EDB822C8D557004E360F /* 链表查询.cpp */,
				4E22EDC322C8DD2F004E360F /* 自定义链表.cpp */,
				4E22EDCE22C90033004E360F /* 邻值查找.cpp */,
				4E51D06E22C908F600E7DF1C /* stl_list.cpp */,
				4E51D07922CA1C8100E7DF1C /* 简单二分.cpp */,
				4E51D08F22CA1F5100E7DF1C /* 最大装载(二分).cpp */,
				4E23368D22CA30A400410E6A /* 切割木头.cpp */,
			);
			path = "数据结构";
			sourceTree = "<group>";
		};
		4E5F85BB22C7C28E00C7C8A2 /* PreOJ */ = {
			isa = PBXGroup;
			children = (
				4E5F85C722C7C2BD00C7C8A2 /* 1000.cpp */,
				4E5F85D222C836BF00C7C8A2 /* 1001.cpp */,
				4E5F85E022C8444600C7C8A2 /* 1002.cpp */,
				4E5F85EB22C845E000C7C8A2 /* 1003.cpp */,
				4EED012F22C86DBE00DD4935 /* 1004.cpp */,
				4EED013A22C86EF200DD4935 /* 1005.cpp */,
				4EED014522C8704000DD4935 /* 1006.cpp */,
				4EED015022C892AE00DD4935 /* 1007.cpp */,
				4EED015B22C8944600DD4935 /* 1008.cpp */,
			);
			path = PreOJ;
			sourceTree = "<group>";
		};
		D4E642F20D0DE8D8F55AD1C9 /* Products */ = {
			isa = PBXGroup;
			children = (
				4E229D8022AB7E6A0099F037 /* TestEnv */,
				4E229D8D22AB82040099F037 /* 九宫格 */,
				4E229D9822AB96710099F037 /* 八数码问题 */,
				4E0C176622B4BF0700FD87A2 /* 16宫格 */,
				4E0C177122B4D92E00FD87A2 /* 16zone_debug */,
				4E00C70322C7153700DD33CF /* 16zone_new */,
				4E00C71922C736AF00DD33CF /* 炸弹 */,
				4EFAFE0222C755CF00DC8D7C /* IncDec */,
				4E5F85C522C7C2BD00C7C8A2 /* 1000 */,
				4E5F85D022C836BF00C7C8A2 /* 1001 */,
				4E5F85DE22C8444600C7C8A2 /* 1002 */,
				4E5F85E922C845E000C7C8A2 /* 1003 */,
				4EED012D22C86DBE00DD4935 /* 1004 */,
				4EED013822C86EF200DD4935 /* 1005 */,
				4EED014322C8704000DD4935 /* 1006 */,
				4EED014E22C892AE00DD4935 /* 1007 */,
				4EED015922C8944600DD4935 /* 1008 */,
				4E22ED9E22C8C750004E360F /* 逆波兰表达式 */,
				4E22EDA922C8C982004E360F /* 循环调度程序 */,
				4E22EDB622C8D557004E360F /* 链表查询 */,
				4E22EDC122C8DD2F004E360F /* 自定义链表 */,
				4E22EDCC22C90033004E360F /* 邻值查找 */,
				4E51D06C22C908F600E7DF1C /* stl_list */,
				4E51D07722CA1C8000E7DF1C /* 简单二分 */,
				4E51D08D22CA1F5100E7DF1C /* 最大装载(二分) */,
				4E23368B22CA30A400410E6A /* 切割木头 */,
			);
			name = Products;
			sourceTree = "<group>";
		};
		D4E64631C21FD8511F2AD118 = {
			isa = PBXGroup;
			children = (
				D4E64CF283E98951C362B507 /* Algorithms */,
				4E00C70F22C7368700DD33CF /* 差分数列和前缀和 */,
				4E5F85BB22C7C28E00C7C8A2 /* PreOJ */,
				4E22ED9422C8C676004E360F /* 数据结构 */,
				D4E642F20D0DE8D8F55AD1C9 /* Products */,
			);
			sourceTree = "<group>";
		};
		D4E64CF283E98951C362B507 /* Algorithms */ = {
			isa = PBXGroup;
			children = (
				4E229D8722AB7E8E0099F037 /* TestEnv.cpp */,
				4E229D8F22AB82040099F037 /* 九宫格.cpp */,
				4E229D9A22AB96710099F037 /* 八数码问题.cpp */,
				4E0C176822B4BF0700FD87A2 /* 16宫格.cpp */,
				4E0C177322B4D92E00FD87A2 /* 16zone_debug.cpp */,
				4E00C70522C7153800DD33CF /* 16zone_new.cpp */,
			);
			path = Algorithms;
			sourceTree = "<group>";
		};
/* End PBXGroup section */

/* Begin PBXNativeTarget section */
		4E00C70222C7153700DD33CF /* 16zone_new */ = {
			isa = PBXNativeTarget;
			buildConfigurationList = 4E00C70922C7153800DD33CF /* Build configuration list for PBXNativeTarget "16zone_new" */;
			buildPhases = (
				4E00C6FF22C7153700DD33CF /* Sources */,
				4E00C70022C7153700DD33CF /* Frameworks */,
				4E00C70122C7153700DD33CF /* CopyFiles */,
			);
			buildRules = (
			);
			dependencies = (
			);
			name = 16zone_new;
			productName = 16zone_new;
			productReference = 4E00C70322C7153700DD33CF /* 16zone_new */;
			productType = "com.apple.product-type.tool";
		};
		4E00C71822C736AF00DD33CF /* 炸弹 */ = {
			isa = PBXNativeTarget;
			buildConfigurationList = 4E00C71D22C736AF00DD33CF /* Build configuration list for PBXNativeTarget "炸弹" */;
			buildPhases = (
				4E00C71522C736AF00DD33CF /* Sources */,
				4E00C71622C736AF00DD33CF /* Frameworks */,
				4E00C71722C736AF00DD33CF /* CopyFiles */,
			);
			buildRules = (
			);
			dependencies = (
			);
			name = "炸弹";
			productName = "炸弹";
			productReference = 4E00C71922C736AF00DD33CF /* 炸弹 */;
			productType = "com.apple.product-type.tool";
		};
		4E0C176522B4BF0700FD87A2 /* 16宫格 */ = {
			isa = PBXNativeTarget;
			buildConfigurationList = 4E0C176C22B4BF0700FD87A2 /* Build configuration list for PBXNativeTarget "16宫格" */;
			buildPhases = (
				4E0C176222B4BF0700FD87A2 /* Sources */,
				4E0C176322B4BF0700FD87A2 /* Frameworks */,
				4E0C176422B4BF0700FD87A2 /* CopyFiles */,
			);
			buildRules = (
			);
			dependencies = (
			);
			name = "16宫格";
			productName = "16宫格";
			productReference = 4E0C176622B4BF0700FD87A2 /* 16宫格 */;
			productType = "com.apple.product-type.tool";
		};
		4E0C177022B4D92E00FD87A2 /* 16zone_debug */ = {
			isa = PBXNativeTarget;
			buildConfigurationList = 4E0C177522B4D92E00FD87A2 /* Build configuration list for PBXNativeTarget "16zone_debug" */;
			buildPhases = (
				4E0C176D22B4D92E00FD87A2 /* Sources */,
				4E0C176E22B4D92E00FD87A2 /* Frameworks */,
				4E0C176F22B4D92E00FD87A2 /* CopyFiles */,
			);
			buildRules = (
			);
			dependencies = (
			);
			name = 16zone_debug;
			productName = 16zone_debug;
			productReference = 4E0C177122B4D92E00FD87A2 /* 16zone_debug */;
			productType = "com.apple.product-type.tool";
		};
		4E229D7F22AB7E6A0099F037 /* TestEnv */ = {
			isa = PBXNativeTarget;
			buildConfigurationList = 4E229D8422AB7E6A0099F037 /* Build configuration list for PBXNativeTarget "TestEnv" */;
			buildPhases = (
				4E229D7C22AB7E6A0099F037 /* Sources */,
				4E229D7D22AB7E6A0099F037 /* Frameworks */,
				4E229D7E22AB7E6A0099F037 /* CopyFiles */,
			);
			buildRules = (
			);
			dependencies = (
			);
			name = TestEnv;
			productName = TestEnv;
			productReference = 4E229D8022AB7E6A0099F037 /* TestEnv */;
			productType = "com.apple.product-type.tool";
		};
		4E229D8C22AB82040099F037 /* 九宫格 */ = {
			isa = PBXNativeTarget;
			buildConfigurationList = 4E229D9122AB82040099F037 /* Build configuration list for PBXNativeTarget "九宫格" */;
			buildPhases = (
				4E229D8922AB82040099F037 /* Sources */,
				4E229D8A22AB82040099F037 /* Frameworks */,
				4E229D8B22AB82040099F037 /* CopyFiles */,
			);
			buildRules = (
			);
			dependencies = (
			);
			name = "九宫格";
			productName = "九宫格";
			productReference = 4E229D8D22AB82040099F037 /* 九宫格 */;
			productType = "com.apple.product-type.tool";
		};
		4E229D9722AB96710099F037 /* 八数码问题 */ = {
			isa = PBXNativeTarget;
			buildConfigurationList = 4E229D9E22AB96710099F037 /* Build configuration list for PBXNativeTarget "八数码问题" */;
			buildPhases = (
				4E229D9422AB96710099F037 /* Sources */,
				4E229D9522AB96710099F037 /* Frameworks */,
				4E229D9622AB96710099F037 /* CopyFiles */,
			);
			buildRules = (
			);
			dependencies = (
			);
			name = "八数码问题";
			productName = "八数码问题";
			productReference = 4E229D9822AB96710099F037 /* 八数码问题 */;
			productType = "com.apple.product-type.tool";
		};
		4E22ED9D22C8C750004E360F /* 逆波兰表达式 */ = {
			isa = PBXNativeTarget;
			buildConfigurationList = 4E22EDA222C8C750004E360F /* Build configuration list for PBXNativeTarget "逆波兰表达式" */;
			buildPhases = (
				4E22ED9A22C8C750004E360F /* Sources */,
				4E22ED9B22C8C750004E360F /* Frameworks */,
				4E22ED9C22C8C750004E360F /* CopyFiles */,
			);
			buildRules = (
			);
			dependencies = (
			);
			name = "逆波兰表达式";
			productName = "逆波兰表达式";
			productReference = 4E22ED9E22C8C750004E360F /* 逆波兰表达式 */;
			productType = "com.apple.product-type.tool";
		};
		4E22EDA822C8C982004E360F /* 循环调度程序 */ = {
			isa = PBXNativeTarget;
			buildConfigurationList = 4E22EDAD22C8C982004E360F /* Build configuration list for PBXNativeTarget "循环调度程序" */;
			buildPhases = (
				4E22EDA522C8C982004E360F /* Sources */,
				4E22EDA622C8C982004E360F /* Frameworks */,
				4E22EDA722C8C982004E360F /* CopyFiles */,
			);
			buildRules = (
			);
			dependencies = (
			);
			name = "循环调度程序";
			productName = "循环调度程序";
			productReference = 4E22EDA922C8C982004E360F /* 循环调度程序 */;
			productType = "com.apple.product-type.tool";
		};
		4E22EDB522C8D557004E360F /* 链表查询 */ = {
			isa = PBXNativeTarget;
			buildConfigurationList = 4E22EDBA22C8D557004E360F /* Build configuration list for PBXNativeTarget "链表查询" */;
			buildPhases = (
				4E22EDB222C8D557004E360F /* Sources */,
				4E22EDB322C8D557004E360F /* Frameworks */,
				4E22EDB422C8D557004E360F /* CopyFiles */,
			);
			buildRules = (
			);
			dependencies = (
			);
			name = "链表查询";
			productName = "链表查询";
			productReference = 4E22EDB622C8D557004E360F /* 链表查询 */;
			productType = "com.apple.product-type.tool";
		};
		4E22EDC022C8DD2F004E360F /* 自定义链表 */ = {
			isa = PBXNativeTarget;
			buildConfigurationList = 4E22EDC522C8DD2F004E360F /* Build configuration list for PBXNativeTarget "自定义链表" */;
			buildPhases = (
				4E22EDBD22C8DD2F004E360F /* Sources */,
				4E22EDBE22C8DD2F004E360F /* Frameworks */,
				4E22EDBF22C8DD2F004E360F /* CopyFiles */,
			);
			buildRules = (
			);
			dependencies = (
			);
			name = "自定义链表";
			productName = "自定义链表";
			productReference = 4E22EDC122C8DD2F004E360F /* 自定义链表 */;
			productType = "com.apple.product-type.tool";
		};
		4E22EDCB22C90033004E360F /* 邻值查找 */ = {
			isa = PBXNativeTarget;
			buildConfigurationList = 4E22EDD222C90033004E360F /* Build configuration list for PBXNativeTarget "邻值查找" */;
			buildPhases = (
				4E22EDC822C90033004E360F /* Sources */,
				4E22EDC922C90033004E360F /* Frameworks */,
				4E22EDCA22C90033004E360F /* CopyFiles */,
			);
			buildRules = (
			);
			dependencies = (
			);
			name = "邻值查找";
			productName = "邻值查找";
			productReference = 4E22EDCC22C90033004E360F /* 邻值查找 */;
			productType = "com.apple.product-type.tool";
		};
		4E23368A22CA30A400410E6A /* 切割木头 */ = {
			isa = PBXNativeTarget;
			buildConfigurationList = 4E23369122CA30A400410E6A /* Build configuration list for PBXNativeTarget "切割木头" */;
			buildPhases = (
				4E23368722CA30A400410E6A /* Sources */,
				4E23368822CA30A400410E6A /* Frameworks */,
				4E23368922CA30A400410E6A /* CopyFiles */,
			);
			buildRules = (
			);
			dependencies = (
			);
			name = "切割木头";
			productName = "切割木头";
			productReference = 4E23368B22CA30A400410E6A /* 切割木头 */;
			productType = "com.apple.product-type.tool";
		};
		4E51D06B22C908F600E7DF1C /* stl_list */ = {
			isa = PBXNativeTarget;
			buildConfigurationList = 4E51D07222C908F600E7DF1C /* Build configuration list for PBXNativeTarget "stl_list" */;
			buildPhases = (
				4E51D06822C908F600E7DF1C /* Sources */,
				4E51D06922C908F600E7DF1C /* Frameworks */,
				4E51D06A22C908F600E7DF1C /* CopyFiles */,
			);
			buildRules = (
			);
			dependencies = (
			);
			name = stl_list;
			productName = stl_list;
			productReference = 4E51D06C22C908F600E7DF1C /* stl_list */;
			productType = "com.apple.product-type.tool";
		};
		4E51D07622CA1C8000E7DF1C /* 简单二分 */ = {
			isa = PBXNativeTarget;
			buildConfigurationList = 4E51D07B22CA1C8100E7DF1C /* Build configuration list for PBXNativeTarget "简单二分" */;
			buildPhases = (
				4E51D07322CA1C8000E7DF1C /* Sources */,
				4E51D07422CA1C8000E7DF1C /* Frameworks */,
				4E51D07522CA1C8000E7DF1C /* CopyFiles */,
			);
			buildRules = (
			);
			dependencies = (
			);
			name = "简单二分";
			productName = "简单二分";
			productReference = 4E51D07722CA1C8000E7DF1C /* 简单二分 */;
			productType = "com.apple.product-type.tool";
		};
		4E51D08C22CA1F5100E7DF1C /* 最大装载(二分) */ = {
			isa = PBXNativeTarget;
			buildConfigurationList = 4E51D09122CA1F5100E7DF1C /* Build configuration list for PBXNativeTarget "最大装载(二分)" */;
			buildPhases = (
				4E51D08922CA1F5100E7DF1C /* Sources */,
				4E51D08A22CA1F5100E7DF1C /* Frameworks */,
				4E51D08B22CA1F5100E7DF1C /* CopyFiles */,
			);
			buildRules = (
			);
			dependencies = (
			);
			name = "最大装载(二分)";
			productName = "最大装载(二分)";
			productReference = 4E51D08D22CA1F5100E7DF1C /* 最大装载(二分) */;
			productType = "com.apple.product-type.tool";
		};
		4E5F85C422C7C2BD00C7C8A2 /* 1000 */ = {
			isa = PBXNativeTarget;
			buildConfigurationList = 4E5F85C922C7C2BD00C7C8A2 /* Build configuration list for PBXNativeTarget "1000" */;
			buildPhases = (
				4E5F85C122C7C2BD00C7C8A2 /* Sources */,
				4E5F85C222C7C2BD00C7C8A2 /* Frameworks */,
				4E5F85C322C7C2BD00C7C8A2 /* CopyFiles */,
			);
			buildRules = (
			);
			dependencies = (
			);
			name = 1000;
			productName = 1000;
			productReference = 4E5F85C522C7C2BD00C7C8A2 /* 1000 */;
			productType = "com.apple.product-type.tool";
		};
		4E5F85CF22C836BF00C7C8A2 /* 1001 */ = {
			isa = PBXNativeTarget;
			buildConfigurationList = 4E5F85D422C836BF00C7C8A2 /* Build configuration list for PBXNativeTarget "1001" */;
			buildPhases = (
				4E5F85CC22C836BF00C7C8A2 /* Sources */,
				4E5F85CD22C836BF00C7C8A2 /* Frameworks */,
				4E5F85CE22C836BF00C7C8A2 /* CopyFiles */,
			);
			buildRules = (
			);
			dependencies = (
			);
			name = 1001;
			productName = 1001;
			productReference = 4E5F85D022C836BF00C7C8A2 /* 1001 */;
			productType = "com.apple.product-type.tool";
		};
		4E5F85DD22C8444600C7C8A2 /* 1002 */ = {
			isa = PBXNativeTarget;
			buildConfigurationList = 4E5F85E222C8444600C7C8A2 /* Build configuration list for PBXNativeTarget "1002" */;
			buildPhases = (
				4E5F85DA22C8444600C7C8A2 /* Sources */,
				4E5F85DB22C8444600C7C8A2 /* Frameworks */,
				4E5F85DC22C8444600C7C8A2 /* CopyFiles */,
			);
			buildRules = (
			);
			dependencies = (
			);
			name = 1002;
			productName = 1002;
			productReference = 4E5F85DE22C8444600C7C8A2 /* 1002 */;
			productType = "com.apple.product-type.tool";
		};
		4E5F85E822C845E000C7C8A2 /* 1003 */ = {
			isa = PBXNativeTarget;
			buildConfigurationList = 4E5F85ED22C845E000C7C8A2 /* Build configuration list for PBXNativeTarget "1003" */;
			buildPhases = (
				4E5F85E522C845E000C7C8A2 /* Sources */,
				4E5F85E622C845E000C7C8A2 /* Frameworks */,
				4E5F85E722C845E000C7C8A2 /* CopyFiles */,
			);
			buildRules = (
			);
			dependencies = (
			);
			name = 1003;
			productName = 1003;
			productReference = 4E5F85E922C845E000C7C8A2 /* 1003 */;
			productType = "com.apple.product-type.tool";
		};
		4EED012C22C86DBE00DD4935 /* 1004 */ = {
			isa = PBXNativeTarget;
			buildConfigurationList = 4EED013322C86DBE00DD4935 /* Build configuration list for PBXNativeTarget "1004" */;
			buildPhases = (
				4EED012922C86DBE00DD4935 /* Sources */,
				4EED012A22C86DBE00DD4935 /* Frameworks */,
				4EED012B22C86DBE00DD4935 /* CopyFiles */,
			);
			buildRules = (
			);
			dependencies = (
			);
			name = 1004;
			productName = 1004;
			productReference = 4EED012D22C86DBE00DD4935 /* 1004 */;
			productType = "com.apple.product-type.tool";
		};
		4EED013722C86EF200DD4935 /* 1005 */ = {
			isa = PBXNativeTarget;
			buildConfigurationList = 4EED013C22C86EF200DD4935 /* Build configuration list for PBXNativeTarget "1005" */;
			buildPhases = (
				4EED013422C86EF200DD4935 /* Sources */,
				4EED013522C86EF200DD4935 /* Frameworks */,
				4EED013622C86EF200DD4935 /* CopyFiles */,
			);
			buildRules = (
			);
			dependencies = (
			);
			name = 1005;
			productName = 1005;
			productReference = 4EED013822C86EF200DD4935 /* 1005 */;
			productType = "com.apple.product-type.tool";
		};
		4EED014222C8704000DD4935 /* 1006 */ = {
			isa = PBXNativeTarget;
			buildConfigurationList = 4EED014722C8704000DD4935 /* Build configuration list for PBXNativeTarget "1006" */;
			buildPhases = (
				4EED013F22C8704000DD4935 /* Sources */,
				4EED014022C8704000DD4935 /* Frameworks */,
				4EED014122C8704000DD4935 /* CopyFiles */,
			);
			buildRules = (
			);
			dependencies = (
			);
			name = 1006;
			productName = 1006;
			productReference = 4EED014322C8704000DD4935 /* 1006 */;
			productType = "com.apple.product-type.tool";
		};
		4EED014D22C892AE00DD4935 /* 1007 */ = {
			isa = PBXNativeTarget;
			buildConfigurationList = 4EED015422C892AE00DD4935 /* Build configuration list for PBXNativeTarget "1007" */;
			buildPhases = (
				4EED014A22C892AE00DD4935 /* Sources */,
				4EED014B22C892AE00DD4935 /* Frameworks */,
				4EED014C22C892AE00DD4935 /* CopyFiles */,
			);
			buildRules = (
			);
			dependencies = (
			);
			name = 1007;
			productName = 1007;
			productReference = 4EED014E22C892AE00DD4935 /* 1007 */;
			productType = "com.apple.product-type.tool";
		};
		4EED015822C8944600DD4935 /* 1008 */ = {
			isa = PBXNativeTarget;
			buildConfigurationList = 4EED015D22C8944600DD4935 /* Build configuration list for PBXNativeTarget "1008" */;
			buildPhases = (
				4EED015522C8944600DD4935 /* Sources */,
				4EED015622C8944600DD4935 /* Frameworks */,
				4EED015722C8944600DD4935 /* CopyFiles */,
			);
			buildRules = (
			);
			dependencies = (
			);
			name = 1008;
			productName = 1008;
			productReference = 4EED015922C8944600DD4935 /* 1008 */;
			productType = "com.apple.product-type.tool";
		};
		4EFAFE0122C755CF00DC8D7C /* IncDec */ = {
			isa = PBXNativeTarget;
			buildConfigurationList = 4EFAFE0822C755D000DC8D7C /* Build configuration list for PBXNativeTarget "IncDec" */;
			buildPhases = (
				4EFAFDFE22C755CF00DC8D7C /* Sources */,
				4EFAFDFF22C755CF00DC8D7C /* Frameworks */,
				4EFAFE0022C755CF00DC8D7C /* CopyFiles */,
			);
			buildRules = (
			);
			dependencies = (
			);
			name = IncDec;
			productName = IncDec;
			productReference = 4EFAFE0222C755CF00DC8D7C /* IncDec */;
			productType = "com.apple.product-type.tool";
		};
/* End PBXNativeTarget section */

/* Begin PBXProject section */
		D4E64B70CE937B7969C046B4 /* Project object */ = {
			isa = PBXProject;
			attributes = {
				ORGANIZATIONNAME = lukealpha;
				TargetAttributes = {
					4E00C70222C7153700DD33CF = {
						CreatedOnToolsVersion = 10.2.1;
						ProvisioningStyle = Automatic;
					};
					4E00C71822C736AF00DD33CF = {
						CreatedOnToolsVersion = 10.2.1;
						ProvisioningStyle = Automatic;
					};
					4E0C176522B4BF0700FD87A2 = {
						CreatedOnToolsVersion = 10.2.1;
						ProvisioningStyle = Automatic;
					};
					4E0C177022B4D92E00FD87A2 = {
						CreatedOnToolsVersion = 10.2.1;
						ProvisioningStyle = Automatic;
					};
					4E229D7F22AB7E6A0099F037 = {
						CreatedOnToolsVersion = 10.2.1;
						ProvisioningStyle = Automatic;
					};
					4E229D8C22AB82040099F037 = {
						CreatedOnToolsVersion = 10.2.1;
						ProvisioningStyle = Automatic;
					};
					4E229D9722AB96710099F037 = {
						CreatedOnToolsVersion = 10.2.1;
						ProvisioningStyle = Automatic;
					};
					4E22ED9D22C8C750004E360F = {
						CreatedOnToolsVersion = 10.2.1;
						ProvisioningStyle = Automatic;
					};
					4E22EDA822C8C982004E360F = {
						CreatedOnToolsVersion = 10.2.1;
						ProvisioningStyle = Automatic;
					};
					4E22EDB522C8D557004E360F = {
						CreatedOnToolsVersion = 10.2.1;
						ProvisioningStyle = Automatic;
					};
					4E22EDC022C8DD2F004E360F = {
						CreatedOnToolsVersion = 10.2.1;
						ProvisioningStyle = Automatic;
					};
					4E22EDCB22C90033004E360F = {
						CreatedOnToolsVersion = 10.2.1;
						ProvisioningStyle = Automatic;
					};
					4E23368A22CA30A400410E6A = {
						CreatedOnToolsVersion = 10.2.1;
						ProvisioningStyle = Automatic;
					};
					4E51D06B22C908F600E7DF1C = {
						CreatedOnToolsVersion = 10.2.1;
						ProvisioningStyle = Automatic;
					};
					4E51D07622CA1C8000E7DF1C = {
						CreatedOnToolsVersion = 10.2.1;
						ProvisioningStyle = Automatic;
					};
					4E51D08C22CA1F5100E7DF1C = {
						CreatedOnToolsVersion = 10.2.1;
						ProvisioningStyle = Automatic;
					};
					4E5F85C422C7C2BD00C7C8A2 = {
						CreatedOnToolsVersion = 10.2.1;
						ProvisioningStyle = Automatic;
					};
					4E5F85CF22C836BF00C7C8A2 = {
						CreatedOnToolsVersion = 10.2.1;
						ProvisioningStyle = Automatic;
					};
					4E5F85DD22C8444600C7C8A2 = {
						CreatedOnToolsVersion = 10.2.1;
						ProvisioningStyle = Automatic;
					};
					4E5F85E822C845E000C7C8A2 = {
						CreatedOnToolsVersion = 10.2.1;
						ProvisioningStyle = Automatic;
					};
					4EED012C22C86DBE00DD4935 = {
						CreatedOnToolsVersion = 10.2.1;
						ProvisioningStyle = Automatic;
					};
					4EED013722C86EF200DD4935 = {
						CreatedOnToolsVersion = 10.2.1;
						ProvisioningStyle = Automatic;
					};
					4EED014222C8704000DD4935 = {
						CreatedOnToolsVersion = 10.2.1;
						ProvisioningStyle = Automatic;
					};
					4EED014D22C892AE00DD4935 = {
						CreatedOnToolsVersion = 10.2.1;
						ProvisioningStyle = Automatic;
					};
					4EED015822C8944600DD4935 = {
						CreatedOnToolsVersion = 10.2.1;
						ProvisioningStyle = Automatic;
					};
					4EFAFE0122C755CF00DC8D7C = {
						CreatedOnToolsVersion = 10.2.1;
						ProvisioningStyle = Automatic;
					};
				};
			};
			buildConfigurationList = D4E64ACD4AF5E86FE9D7BFBB /* Build configuration list for PBXProject "Algorithms" */;
			compatibilityVersion = "Xcode 3.2";
			developmentRegion = en;
			hasScannedForEncodings = 0;
			knownRegions = (
				en,
				Base,
			);
			mainGroup = D4E64631C21FD8511F2AD118;
			productRefGroup = D4E642F20D0DE8D8F55AD1C9 /* Products */;
			projectDirPath = "";
			projectRoot = "";
			targets = (
				4E229D7F22AB7E6A0099F037 /* TestEnv */,
				4E229D8C22AB82040099F037 /* 九宫格 */,
				4E229D9722AB96710099F037 /* 八数码问题 */,
				4E0C176522B4BF0700FD87A2 /* 16宫格 */,
				4E0C177022B4D92E00FD87A2 /* 16zone_debug */,
				4E00C70222C7153700DD33CF /* 16zone_new */,
				4E00C71822C736AF00DD33CF /* 炸弹 */,
				4EFAFE0122C755CF00DC8D7C /* IncDec */,
				4E5F85C422C7C2BD00C7C8A2 /* 1000 */,
				4E5F85CF22C836BF00C7C8A2 /* 1001 */,
				4E5F85DD22C8444600C7C8A2 /* 1002 */,
				4E5F85E822C845E000C7C8A2 /* 1003 */,
				4EED012C22C86DBE00DD4935 /* 1004 */,
				4EED013722C86EF200DD4935 /* 1005 */,
				4EED014222C8704000DD4935 /* 1006 */,
				4EED014D22C892AE00DD4935 /* 1007 */,
				4EED015822C8944600DD4935 /* 1008 */,
				4E22ED9D22C8C750004E360F /* 逆波兰表达式 */,
				4E22EDA822C8C982004E360F /* 循环调度程序 */,
				4E22EDB522C8D557004E360F /* 链表查询 */,
				4E22EDC022C8DD2F004E360F /* 自定义链表 */,
				4E22EDCB22C90033004E360F /* 邻值查找 */,
				4E51D06B22C908F600E7DF1C /* stl_list */,
				4E51D07622CA1C8000E7DF1C /* 简单二分 */,
				4E51D08C22CA1F5100E7DF1C /* 最大装载(二分) */,
				4E23368A22CA30A400410E6A /* 切割木头 */,
			);
		};
/* End PBXProject section */

/* Begin PBXSourcesBuildPhase section */
		4E00C6FF22C7153700DD33CF /* Sources */ = {
			isa = PBXSourcesBuildPhase;
			buildActionMask = 2147483647;
			files = (
				4E00C70622C7153800DD33CF /* 16zone_new.cpp in Sources */,
			);
			runOnlyForDeploymentPostprocessing = 0;
		};
		4E00C71522C736AF00DD33CF /* Sources */ = {
			isa = PBXSourcesBuildPhase;
			buildActionMask = 2147483647;
			files = (
				4E00C72022C736B700DD33CF /* 炸弹.cpp in Sources */,
			);
			runOnlyForDeploymentPostprocessing = 0;
		};
		4E0C176222B4BF0700FD87A2 /* Sources */ = {
			isa = PBXSourcesBuildPhase;
			buildActionMask = 2147483647;
			files = (
				4E0C176922B4BF0700FD87A2 /* 16宫格.cpp in Sources */,
			);
			runOnlyForDeploymentPostprocessing = 0;
		};
		4E0C176D22B4D92E00FD87A2 /* Sources */ = {
			isa = PBXSourcesBuildPhase;
			buildActionMask = 2147483647;
			files = (
				4E0C177422B4D92E00FD87A2 /* 16zone_debug.cpp in Sources */,
			);
			runOnlyForDeploymentPostprocessing = 0;
		};
		4E229D7C22AB7E6A0099F037 /* Sources */ = {
			isa = PBXSourcesBuildPhase;
			buildActionMask = 2147483647;
			files = (
				4E229D8822AB7E8E0099F037 /* TestEnv.cpp in Sources */,
			);
			runOnlyForDeploymentPostprocessing = 0;
		};
		4E229D8922AB82040099F037 /* Sources */ = {
			isa = PBXSourcesBuildPhase;
			buildActionMask = 2147483647;
			files = (
				4E229D9022AB82040099F037 /* 九宫格.cpp in Sources */,
			);
			runOnlyForDeploymentPostprocessing = 0;
		};
		4E229D9422AB96710099F037 /* Sources */ = {
			isa = PBXSourcesBuildPhase;
			buildActionMask = 2147483647;
			files = (
				4E229D9B22AB96710099F037 /* 八数码问题.cpp in Sources */,
			);
			runOnlyForDeploymentPostprocessing = 0;
		};
		4E22ED9A22C8C750004E360F /* Sources */ = {
			isa = PBXSourcesBuildPhase;
			buildActionMask = 2147483647;
			files = (
				4E22EDA122C8C750004E360F /* 逆波兰表达式.cpp in Sources */,
			);
			runOnlyForDeploymentPostprocessing = 0;
		};
		4E22EDA522C8C982004E360F /* Sources */ = {
			isa = PBXSourcesBuildPhase;
			buildActionMask = 2147483647;
			files = (
				4E22EDB122C8CB10004E360F /* 循环调度程序.cpp in Sources */,
			);
			runOnlyForDeploymentPostprocessing = 0;
		};
		4E22EDB222C8D557004E360F /* Sources */ = {
			isa = PBXSourcesBuildPhase;
			buildActionMask = 2147483647;
			files = (
				4E22EDB922C8D557004E360F /* 链表查询.cpp in Sources */,
			);
			runOnlyForDeploymentPostprocessing = 0;
		};
		4E22EDBD22C8DD2F004E360F /* Sources */ = {
			isa = PBXSourcesBuildPhase;
			buildActionMask = 2147483647;
			files = (
				4E22EDC422C8DD2F004E360F /* 自定义链表.cpp in Sources */,
			);
			runOnlyForDeploymentPostprocessing = 0;
		};
		4E22EDC822C90033004E360F /* Sources */ = {
			isa = PBXSourcesBuildPhase;
			buildActionMask = 2147483647;
			files = (
				4E22EDCF22C90033004E360F /* 邻值查找.cpp in Sources */,
			);
			runOnlyForDeploymentPostprocessing = 0;
		};
		4E23368722CA30A400410E6A /* Sources */ = {
			isa = PBXSourcesBuildPhase;
			buildActionMask = 2147483647;
			files = (
				4E23368E22CA30A400410E6A /* 切割木头.cpp in Sources */,
			);
			runOnlyForDeploymentPostprocessing = 0;
		};
		4E51D06822C908F600E7DF1C /* Sources */ = {
			isa = PBXSourcesBuildPhase;
			buildActionMask = 2147483647;
			files = (
				4E51D06F22C908F600E7DF1C /* stl_list.cpp in Sources */,
			);
			runOnlyForDeploymentPostprocessing = 0;
		};
		4E51D07322CA1C8000E7DF1C /* Sources */ = {
			isa = PBXSourcesBuildPhase;
			buildActionMask = 2147483647;
			files = (
				4E51D07A22CA1C8100E7DF1C /* 简单二分.cpp in Sources */,
			);
			runOnlyForDeploymentPostprocessing = 0;
		};
		4E51D08922CA1F5100E7DF1C /* Sources */ = {
			isa = PBXSourcesBuildPhase;
			buildActionMask = 2147483647;
			files = (
				4E51D09022CA1F5100E7DF1C /* 最大装载(二分).cpp in Sources */,
			);
			runOnlyForDeploymentPostprocessing = 0;
		};
		4E5F85C122C7C2BD00C7C8A2 /* Sources */ = {
			isa = PBXSourcesBuildPhase;
			buildActionMask = 2147483647;
			files = (
				4E5F85C822C7C2BD00C7C8A2 /* 1000.cpp in Sources */,
			);
			runOnlyForDeploymentPostprocessing = 0;
		};
		4E5F85CC22C836BF00C7C8A2 /* Sources */ = {
			isa = PBXSourcesBuildPhase;
			buildActionMask = 2147483647;
			files = (
				4E5F85D922C8371400C7C8A2 /* 1001.cpp in Sources */,
			);
			runOnlyForDeploymentPostprocessing = 0;
		};
		4E5F85DA22C8444600C7C8A2 /* Sources */ = {
			isa = PBXSourcesBuildPhase;
			buildActionMask = 2147483647;
			files = (
				4E5F85E122C8444600C7C8A2 /* 1002.cpp in Sources */,
			);
			runOnlyForDeploymentPostprocessing = 0;
		};
		4E5F85E522C845E000C7C8A2 /* Sources */ = {
			isa = PBXSourcesBuildPhase;
			buildActionMask = 2147483647;
			files = (
				4E5F85EC22C845E000C7C8A2 /* 1003.cpp in Sources */,
			);
			runOnlyForDeploymentPostprocessing = 0;
		};
		4EED012922C86DBE00DD4935 /* Sources */ = {
			isa = PBXSourcesBuildPhase;
			buildActionMask = 2147483647;
			files = (
				4EED013022C86DBE00DD4935 /* 1004.cpp in Sources */,
			);
			runOnlyForDeploymentPostprocessing = 0;
		};
		4EED013422C86EF200DD4935 /* Sources */ = {
			isa = PBXSourcesBuildPhase;
			buildActionMask = 2147483647;
			files = (
				4EED013B22C86EF200DD4935 /* 1005.cpp in Sources */,
			);
			runOnlyForDeploymentPostprocessing = 0;
		};
		4EED013F22C8704000DD4935 /* Sources */ = {
			isa = PBXSourcesBuildPhase;
			buildActionMask = 2147483647;
			files = (
				4EED014622C8704000DD4935 /* 1006.cpp in Sources */,
			);
			runOnlyForDeploymentPostprocessing = 0;
		};
		4EED014A22C892AE00DD4935 /* Sources */ = {
			isa = PBXSourcesBuildPhase;
			buildActionMask = 2147483647;
			files = (
				4EED015122C892AE00DD4935 /* 1007.cpp in Sources */,
			);
			runOnlyForDeploymentPostprocessing = 0;
		};
		4EED015522C8944600DD4935 /* Sources */ = {
			isa = PBXSourcesBuildPhase;
			buildActionMask = 2147483647;
			files = (
				4EED015C22C8944600DD4935 /* 1008.cpp in Sources */,
			);
			runOnlyForDeploymentPostprocessing = 0;
		};
		4EFAFDFE22C755CF00DC8D7C /* Sources */ = {
			isa = PBXSourcesBuildPhase;
			buildActionMask = 2147483647;
			files = (
				4EFAFE0522C755D000DC8D7C /* IncDec.cpp in Sources */,
			);
			runOnlyForDeploymentPostprocessing = 0;
		};
/* End PBXSourcesBuildPhase section */

/* Begin XCBuildConfiguration section */
		4E00C70722C7153800DD33CF /* Debug */ = {
			isa = XCBuildConfiguration;
			buildSettings = {
				CODE_SIGN_STYLE = Automatic;
				PRODUCT_NAME = "$(TARGET_NAME)";
			};
			name = Debug;
		};
		4E00C70822C7153800DD33CF /* Release */ = {
			isa = XCBuildConfiguration;
			buildSettings = {
				CODE_SIGN_STYLE = Automatic;
				PRODUCT_NAME = "$(TARGET_NAME)";
			};
			name = Release;
		};
		4E00C71E22C736AF00DD33CF /* Debug */ = {
			isa = XCBuildConfiguration;
			buildSettings = {
				CODE_SIGN_STYLE = Automatic;
				PRODUCT_NAME = "$(TARGET_NAME)";
			};
			name = Debug;
		};
		4E00C71F22C736AF00DD33CF /* Release */ = {
			isa = XCBuildConfiguration;
			buildSettings = {
				CODE_SIGN_STYLE = Automatic;
				PRODUCT_NAME = "$(TARGET_NAME)";
			};
			name = Release;
		};
		4E0C176A22B4BF0700FD87A2 /* Debug */ = {
			isa = XCBuildConfiguration;
			buildSettings = {
				CODE_SIGN_STYLE = Automatic;
				PRODUCT_NAME = "$(TARGET_NAME)";
			};
			name = Debug;
		};
		4E0C176B22B4BF0700FD87A2 /* Release */ = {
			isa = XCBuildConfiguration;
			buildSettings = {
				CODE_SIGN_STYLE = Automatic;
				PRODUCT_NAME = "$(TARGET_NAME)";
			};
			name = Release;
		};
		4E0C177622B4D92E00FD87A2 /* Debug */ = {
			isa = XCBuildConfiguration;
			buildSettings = {
				CODE_SIGN_STYLE = Automatic;
				PRODUCT_NAME = "$(TARGET_NAME)";
			};
			name = Debug;
		};
		4E0C177722B4D92E00FD87A2 /* Release */ = {
			isa = XCBuildConfiguration;
			buildSettings = {
				CODE_SIGN_STYLE = Automatic;
				PRODUCT_NAME = "$(TARGET_NAME)";
			};
			name = Release;
		};
		4E229D8522AB7E6A0099F037 /* Debug */ = {
			isa = XCBuildConfiguration;
			buildSettings = {
				CODE_SIGN_STYLE = Automatic;
				PRODUCT_NAME = "$(TARGET_NAME)";
			};
			name = Debug;
		};
		4E229D8622AB7E6A0099F037 /* Release */ = {
			isa = XCBuildConfiguration;
			buildSettings = {
				CODE_SIGN_STYLE = Automatic;
				PRODUCT_NAME = "$(TARGET_NAME)";
			};
			name = Release;
		};
		4E229D9222AB82040099F037 /* Debug */ = {
			isa = XCBuildConfiguration;
			buildSettings = {
				CODE_SIGN_STYLE = Automatic;
				PRODUCT_NAME = "$(TARGET_NAME)";
			};
			name = Debug;
		};
		4E229D9322AB82040099F037 /* Release */ = {
			isa = XCBuildConfiguration;
			buildSettings = {
				CODE_SIGN_STYLE = Automatic;
				PRODUCT_NAME = "$(TARGET_NAME)";
			};
			name = Release;
		};
		4E229D9C22AB96710099F037 /* Debug */ = {
			isa = XCBuildConfiguration;
			buildSettings = {
				CODE_SIGN_STYLE = Automatic;
				PRODUCT_NAME = "$(TARGET_NAME)";
			};
			name = Debug;
		};
		4E229D9D22AB96710099F037 /* Release */ = {
			isa = XCBuildConfiguration;
			buildSettings = {
				CODE_SIGN_STYLE = Automatic;
				PRODUCT_NAME = "$(TARGET_NAME)";
			};
			name = Release;
		};
		4E22EDA322C8C750004E360F /* Debug */ = {
			isa = XCBuildConfiguration;
			buildSettings = {
				CODE_SIGN_STYLE = Automatic;
				PRODUCT_NAME = "$(TARGET_NAME)";
			};
			name = Debug;
		};
		4E22EDA422C8C750004E360F /* Release */ = {
			isa = XCBuildConfiguration;
			buildSettings = {
				CODE_SIGN_STYLE = Automatic;
				PRODUCT_NAME = "$(TARGET_NAME)";
			};
			name = Release;
		};
		4E22EDAE22C8C982004E360F /* Debug */ = {
			isa = XCBuildConfiguration;
			buildSettings = {
				CODE_SIGN_STYLE = Automatic;
				PRODUCT_NAME = "$(TARGET_NAME)";
			};
			name = Debug;
		};
		4E22EDAF22C8C982004E360F /* Release */ = {
			isa = XCBuildConfiguration;
			buildSettings = {
				CODE_SIGN_STYLE = Automatic;
				PRODUCT_NAME = "$(TARGET_NAME)";
			};
			name = Release;
		};
		4E22EDBB22C8D557004E360F /* Debug */ = {
			isa = XCBuildConfiguration;
			buildSettings = {
				CODE_SIGN_STYLE = Automatic;
				PRODUCT_NAME = "$(TARGET_NAME)";
			};
			name = Debug;
		};
		4E22EDBC22C8D557004E360F /* Release */ = {
			isa = XCBuildConfiguration;
			buildSettings = {
				CODE_SIGN_STYLE = Automatic;
				PRODUCT_NAME = "$(TARGET_NAME)";
			};
			name = Release;
		};
		4E22EDC622C8DD2F004E360F /* Debug */ = {
			isa = XCBuildConfiguration;
			buildSettings = {
				CODE_SIGN_STYLE = Automatic;
				PRODUCT_NAME = "$(TARGET_NAME)";
			};
			name = Debug;
		};
		4E22EDC722C8DD2F004E360F /* Release */ = {
			isa = XCBuildConfiguration;
			buildSettings = {
				CODE_SIGN_STYLE = Automatic;
				PRODUCT_NAME = "$(TARGET_NAME)";
			};
			name = Release;
		};
		4E22EDD022C90033004E360F /* Debug */ = {
			isa = XCBuildConfiguration;
			buildSettings = {
				CODE_SIGN_STYLE = Automatic;
				PRODUCT_NAME = "$(TARGET_NAME)";
			};
			name = Debug;
		};
		4E22EDD122C90033004E360F /* Release */ = {
			isa = XCBuildConfiguration;
			buildSettings = {
				CODE_SIGN_STYLE = Automatic;
				PRODUCT_NAME = "$(TARGET_NAME)";
			};
			name = Release;
		};
		4E23368F22CA30A400410E6A /* Debug */ = {
			isa = XCBuildConfiguration;
			buildSettings = {
				CODE_SIGN_STYLE = Automatic;
				PRODUCT_NAME = "$(TARGET_NAME)";
			};
			name = Debug;
		};
		4E23369022CA30A400410E6A /* Release */ = {
			isa = XCBuildConfiguration;
			buildSettings = {
				CODE_SIGN_STYLE = Automatic;
				PRODUCT_NAME = "$(TARGET_NAME)";
			};
			name = Release;
		};
		4E51D07022C908F600E7DF1C /* Debug */ = {
			isa = XCBuildConfiguration;
			buildSettings = {
				CODE_SIGN_STYLE = Automatic;
				PRODUCT_NAME = "$(TARGET_NAME)";
			};
			name = Debug;
		};
		4E51D07122C908F600E7DF1C /* Release */ = {
			isa = XCBuildConfiguration;
			buildSettings = {
				CODE_SIGN_STYLE = Automatic;
				PRODUCT_NAME = "$(TARGET_NAME)";
			};
			name = Release;
		};
		4E51D07C22CA1C8100E7DF1C /* Debug */ = {
			isa = XCBuildConfiguration;
			buildSettings = {
				CODE_SIGN_STYLE = Automatic;
				PRODUCT_NAME = "$(TARGET_NAME)";
			};
			name = Debug;
		};
		4E51D07D22CA1C8100E7DF1C /* Release */ = {
			isa = XCBuildConfiguration;
			buildSettings = {
				CODE_SIGN_STYLE = Automatic;
				PRODUCT_NAME = "$(TARGET_NAME)";
			};
			name = Release;
		};
		4E51D09222CA1F5100E7DF1C /* Debug */ = {
			isa = XCBuildConfiguration;
			buildSettings = {
				CODE_SIGN_STYLE = Automatic;
				PRODUCT_NAME = "$(TARGET_NAME)";
			};
			name = Debug;
		};
		4E51D09322CA1F5100E7DF1C /* Release */ = {
			isa = XCBuildConfiguration;
			buildSettings = {
				CODE_SIGN_STYLE = Automatic;
				PRODUCT_NAME = "$(TARGET_NAME)";
			};
			name = Release;
		};
		4E5F85CA22C7C2BD00C7C8A2 /* Debug */ = {
			isa = XCBuildConfiguration;
			buildSettings = {
				CODE_SIGN_STYLE = Automatic;
				PRODUCT_NAME = "$(TARGET_NAME)";
			};
			name = Debug;
		};
		4E5F85CB22C7C2BD00C7C8A2 /* Release */ = {
			isa = XCBuildConfiguration;
			buildSettings = {
				CODE_SIGN_STYLE = Automatic;
				PRODUCT_NAME = "$(TARGET_NAME)";
			};
			name = Release;
		};
		4E5F85D522C836BF00C7C8A2 /* Debug */ = {
			isa = XCBuildConfiguration;
			buildSettings = {
				CODE_SIGN_STYLE = Automatic;
				PRODUCT_NAME = "$(TARGET_NAME)";
			};
			name = Debug;
		};
		4E5F85D622C836BF00C7C8A2 /* Release */ = {
			isa = XCBuildConfiguration;
			buildSettings = {
				CODE_SIGN_STYLE = Automatic;
				PRODUCT_NAME = "$(TARGET_NAME)";
			};
			name = Release;
		};
		4E5F85E322C8444600C7C8A2 /* Debug */ = {
			isa = XCBuildConfiguration;
			buildSettings = {
				CODE_SIGN_STYLE = Automatic;
				PRODUCT_NAME = "$(TARGET_NAME)";
			};
			name = Debug;
		};
		4E5F85E422C8444600C7C8A2 /* Release */ = {
			isa = XCBuildConfiguration;
			buildSettings = {
				CODE_SIGN_STYLE = Automatic;
				PRODUCT_NAME = "$(TARGET_NAME)";
			};
			name = Release;
		};
		4E5F85EE22C845E000C7C8A2 /* Debug */ = {
			isa = XCBuildConfiguration;
			buildSettings = {
				CODE_SIGN_STYLE = Automatic;
				PRODUCT_NAME = "$(TARGET_NAME)";
			};
			name = Debug;
		};
		4E5F85EF22C845E000C7C8A2 /* Release */ = {
			isa = XCBuildConfiguration;
			buildSettings = {
				CODE_SIGN_STYLE = Automatic;
				PRODUCT_NAME = "$(TARGET_NAME)";
			};
			name = Release;
		};
		4EED013122C86DBE00DD4935 /* Debug */ = {
			isa = XCBuildConfiguration;
			buildSettings = {
				CODE_SIGN_STYLE = Automatic;
				PRODUCT_NAME = "$(TARGET_NAME)";
			};
			name = Debug;
		};
		4EED013222C86DBE00DD4935 /* Release */ = {
			isa = XCBuildConfiguration;
			buildSettings = {
				CODE_SIGN_STYLE = Automatic;
				PRODUCT_NAME = "$(TARGET_NAME)";
			};
			name = Release;
		};
		4EED013D22C86EF200DD4935 /* Debug */ = {
			isa = XCBuildConfiguration;
			buildSettings = {
				CODE_SIGN_STYLE = Automatic;
				PRODUCT_NAME = "$(TARGET_NAME)";
			};
			name = Debug;
		};
		4EED013E22C86EF200DD4935 /* Release */ = {
			isa = XCBuildConfiguration;
			buildSettings = {
				CODE_SIGN_STYLE = Automatic;
				PRODUCT_NAME = "$(TARGET_NAME)";
			};
			name = Release;
		};
		4EED014822C8704000DD4935 /* Debug */ = {
			isa = XCBuildConfiguration;
			buildSettings = {
				CODE_SIGN_STYLE = Automatic;
				PRODUCT_NAME = "$(TARGET_NAME)";
			};
			name = Debug;
		};
		4EED014922C8704000DD4935 /* Release */ = {
			isa = XCBuildConfiguration;
			buildSettings = {
				CODE_SIGN_STYLE = Automatic;
				PRODUCT_NAME = "$(TARGET_NAME)";
			};
			name = Release;
		};
		4EED015222C892AE00DD4935 /* Debug */ = {
			isa = XCBuildConfiguration;
			buildSettings = {
				CODE_SIGN_STYLE = Automatic;
				PRODUCT_NAME = "$(TARGET_NAME)";
			};
			name = Debug;
		};
		4EED015322C892AE00DD4935 /* Release */ = {
			isa = XCBuildConfiguration;
			buildSettings = {
				CODE_SIGN_STYLE = Automatic;
				PRODUCT_NAME = "$(TARGET_NAME)";
			};
			name = Release;
		};
		4EED015E22C8944600DD4935 /* Debug */ = {
			isa = XCBuildConfiguration;
			buildSettings = {
				CODE_SIGN_STYLE = Automatic;
				PRODUCT_NAME = "$(TARGET_NAME)";
			};
			name = Debug;
		};
		4EED015F22C8944600DD4935 /* Release */ = {
			isa = XCBuildConfiguration;
			buildSettings = {
				CODE_SIGN_STYLE = Automatic;
				PRODUCT_NAME = "$(TARGET_NAME)";
			};
			name = Release;
		};
		4EFAFE0622C755D000DC8D7C /* Debug */ = {
			isa = XCBuildConfiguration;
			buildSettings = {
				CODE_SIGN_STYLE = Automatic;
				PRODUCT_NAME = "$(TARGET_NAME)";
			};
			name = Debug;
		};
		4EFAFE0722C755D000DC8D7C /* Release */ = {
			isa = XCBuildConfiguration;
			buildSettings = {
				CODE_SIGN_STYLE = Automatic;
				PRODUCT_NAME = "$(TARGET_NAME)";
			};
			name = Release;
		};
		D4E644CA6E025FEEA74F1860 /* Release */ = {
			isa = XCBuildConfiguration;
			buildSettings = {
				ALWAYS_SEARCH_USER_PATHS = NO;
				CLANG_ANALYZER_NONNULL = YES;
				CLANG_ANALYZER_NUMBER_OBJECT_CONVERSION = YES_AGGRESSIVE;
				CLANG_CXX_LANGUAGE_STANDARD = "gnu++14";
				CLANG_CXX_LIBRARY = "libc++";
				CLANG_ENABLE_MODULES = YES;
				CLANG_ENABLE_OBJC_ARC = YES;
				CLANG_ENABLE_OBJC_WEAK = YES;
				CLANG_WARN_BLOCK_CAPTURE_AUTORELEASING = YES;
				CLANG_WARN_BOOL_CONVERSION = YES;
				CLANG_WARN_COMMA = YES;
				CLANG_WARN_CONSTANT_CONVERSION = YES;
				CLANG_WARN_DEPRECATED_OBJC_IMPLEMENTATIONS = YES;
				CLANG_WARN_DIRECT_OBJC_ISA_USAGE = YES_ERROR;
				CLANG_WARN_DOCUMENTATION_COMMENTS = YES;
				CLANG_WARN_EMPTY_BODY = YES;
				CLANG_WARN_ENUM_CONVERSION = YES;
				CLANG_WARN_INFINITE_RECURSION = YES;
				CLANG_WARN_INT_CONVERSION = YES;
				CLANG_WARN_NON_LITERAL_NULL_CONVERSION = YES;
				CLANG_WARN_OBJC_IMPLICIT_RETAIN_SELF = YES;
				CLANG_WARN_OBJC_LITERAL_CONVERSION = YES;
				CLANG_WARN_OBJC_ROOT_CLASS = YES_ERROR;
				CLANG_WARN_RANGE_LOOP_ANALYSIS = YES;
				CLANG_WARN_STRICT_PROTOTYPES = YES;
				CLANG_WARN_SUSPICIOUS_MOVE = YES;
				CLANG_WARN_UNGUARDED_AVAILABILITY = YES_AGGRESSIVE;
				CLANG_WARN_UNREACHABLE_CODE = YES;
				CLANG_WARN__DUPLICATE_METHOD_MATCH = YES;
				CODE_SIGN_IDENTITY = "-";
				COPY_PHASE_STRIP = NO;
				DEBUG_INFORMATION_FORMAT = "dwarf-with-dsym";
				ENABLE_NS_ASSERTIONS = NO;
				ENABLE_STRICT_OBJC_MSGSEND = YES;
				GCC_C_LANGUAGE_STANDARD = gnu11;
				GCC_NO_COMMON_BLOCKS = YES;
				GCC_WARN_64_TO_32_BIT_CONVERSION = YES;
				GCC_WARN_ABOUT_RETURN_TYPE = YES_ERROR;
				GCC_WARN_UNDECLARED_SELECTOR = YES;
				GCC_WARN_UNINITIALIZED_AUTOS = YES_AGGRESSIVE;
				GCC_WARN_UNUSED_FUNCTION = YES;
				GCC_WARN_UNUSED_VARIABLE = YES;
				MACOSX_DEPLOYMENT_TARGET = 10.14;
				MTL_ENABLE_DEBUG_INFO = NO;
				MTL_FAST_MATH = YES;
				SDKROOT = macosx;
			};
			name = Release;
		};
		D4E647496A12FD53EBF20699 /* Debug */ = {
			isa = XCBuildConfiguration;
			buildSettings = {
				ALWAYS_SEARCH_USER_PATHS = NO;
				CLANG_ANALYZER_NONNULL = YES;
				CLANG_ANALYZER_NUMBER_OBJECT_CONVERSION = YES_AGGRESSIVE;
				CLANG_CXX_LANGUAGE_STANDARD = "gnu++14";
				CLANG_CXX_LIBRARY = "libc++";
				CLANG_ENABLE_MODULES = YES;
				CLANG_ENABLE_OBJC_ARC = YES;
				CLANG_ENABLE_OBJC_WEAK = YES;
				CLANG_WARN_BLOCK_CAPTURE_AUTORELEASING = YES;
				CLANG_WARN_BOOL_CONVERSION = YES;
				CLANG_WARN_COMMA = YES;
				CLANG_WARN_CONSTANT_CONVERSION = YES;
				CLANG_WARN_DEPRECATED_OBJC_IMPLEMENTATIONS = YES;
				CLANG_WARN_DIRECT_OBJC_ISA_USAGE = YES_ERROR;
				CLANG_WARN_DOCUMENTATION_COMMENTS = YES;
				CLANG_WARN_EMPTY_BODY = YES;
				CLANG_WARN_ENUM_CONVERSION = YES;
				CLANG_WARN_INFINITE_RECURSION = YES;
				CLANG_WARN_INT_CONVERSION = YES;
				CLANG_WARN_NON_LITERAL_NULL_CONVERSION = YES;
				CLANG_WARN_OBJC_IMPLICIT_RETAIN_SELF = YES;
				CLANG_WARN_OBJC_LITERAL_CONVERSION = YES;
				CLANG_WARN_OBJC_ROOT_CLASS = YES_ERROR;
				CLANG_WARN_RANGE_LOOP_ANALYSIS = YES;
				CLANG_WARN_STRICT_PROTOTYPES = YES;
				CLANG_WARN_SUSPICIOUS_MOVE = YES;
				CLANG_WARN_UNGUARDED_AVAILABILITY = YES_AGGRESSIVE;
				CLANG_WARN_UNREACHABLE_CODE = YES;
				CLANG_WARN__DUPLICATE_METHOD_MATCH = YES;
				CODE_SIGN_IDENTITY = "-";
				COPY_PHASE_STRIP = NO;
				DEBUG_INFORMATION_FORMAT = dwarf;
				ENABLE_STRICT_OBJC_MSGSEND = YES;
				ENABLE_TESTABILITY = YES;
				GCC_C_LANGUAGE_STANDARD = gnu11;
				GCC_DYNAMIC_NO_PIC = NO;
				GCC_NO_COMMON_BLOCKS = YES;
				GCC_OPTIMIZATION_LEVEL = 0;
				GCC_PREPROCESSOR_DEFINITIONS = (
					"DEBUG=1",
					"$(inherited)",
				);
				GCC_WARN_64_TO_32_BIT_CONVERSION = YES;
				GCC_WARN_ABOUT_RETURN_TYPE = YES_ERROR;
				GCC_WARN_UNDECLARED_SELECTOR = YES;
				GCC_WARN_UNINITIALIZED_AUTOS = YES_AGGRESSIVE;
				GCC_WARN_UNUSED_FUNCTION = YES;
				GCC_WARN_UNUSED_VARIABLE = YES;
				MACOSX_DEPLOYMENT_TARGET = 10.14;
				MTL_ENABLE_DEBUG_INFO = INCLUDE_SOURCE;
				MTL_FAST_MATH = YES;
				ONLY_ACTIVE_ARCH = YES;
				SDKROOT = macosx;
			};
			name = Debug;
		};
/* End XCBuildConfiguration section */

/* Begin XCConfigurationList section */
		4E00C70922C7153800DD33CF /* Build configuration list for PBXNativeTarget "16zone_new" */ = {
			isa = XCConfigurationList;
			buildConfigurations = (
				4E00C70722C7153800DD33CF /* Debug */,
				4E00C70822C7153800DD33CF /* Release */,
			);
			defaultConfigurationIsVisible = 0;
			defaultConfigurationName = Release;
		};
		4E00C71D22C736AF00DD33CF /* Build configuration list for PBXNativeTarget "炸弹" */ = {
			isa = XCConfigurationList;
			buildConfigurations = (
				4E00C71E22C736AF00DD33CF /* Debug */,
				4E00C71F22C736AF00DD33CF /* Release */,
			);
			defaultConfigurationIsVisible = 0;
			defaultConfigurationName = Release;
		};
		4E0C176C22B4BF0700FD87A2 /* Build configuration list for PBXNativeTarget "16宫格" */ = {
			isa = XCConfigurationList;
			buildConfigurations = (
				4E0C176A22B4BF0700FD87A2 /* Debug */,
				4E0C176B22B4BF0700FD87A2 /* Release */,
			);
			defaultConfigurationIsVisible = 0;
			defaultConfigurationName = Release;
		};
		4E0C177522B4D92E00FD87A2 /* Build configuration list for PBXNativeTarget "16zone_debug" */ = {
			isa = XCConfigurationList;
			buildConfigurations = (
				4E0C177622B4D92E00FD87A2 /* Debug */,
				4E0C177722B4D92E00FD87A2 /* Release */,
			);
			defaultConfigurationIsVisible = 0;
			defaultConfigurationName = Release;
		};
		4E229D8422AB7E6A0099F037 /* Build configuration list for PBXNativeTarget "TestEnv" */ = {
			isa = XCConfigurationList;
			buildConfigurations = (
				4E229D8522AB7E6A0099F037 /* Debug */,
				4E229D8622AB7E6A0099F037 /* Release */,
			);
			defaultConfigurationIsVisible = 0;
			defaultConfigurationName = Release;
		};
		4E229D9122AB82040099F037 /* Build configuration list for PBXNativeTarget "九宫格" */ = {
			isa = XCConfigurationList;
			buildConfigurations = (
				4E229D9222AB82040099F037 /* Debug */,
				4E229D9322AB82040099F037 /* Release */,
			);
			defaultConfigurationIsVisible = 0;
			defaultConfigurationName = Release;
		};
		4E229D9E22AB96710099F037 /* Build configuration list for PBXNativeTarget "八数码问题" */ = {
			isa = XCConfigurationList;
			buildConfigurations = (
				4E229D9C22AB96710099F037 /* Debug */,
				4E229D9D22AB96710099F037 /* Release */,
			);
			defaultConfigurationIsVisible = 0;
			defaultConfigurationName = Release;
		};
		4E22EDA222C8C750004E360F /* Build configuration list for PBXNativeTarget "逆波兰表达式" */ = {
			isa = XCConfigurationList;
			buildConfigurations = (
				4E22EDA322C8C750004E360F /* Debug */,
				4E22EDA422C8C750004E360F /* Release */,
			);
			defaultConfigurationIsVisible = 0;
			defaultConfigurationName = Release;
		};
		4E22EDAD22C8C982004E360F /* Build configuration list for PBXNativeTarget "循环调度程序" */ = {
			isa = XCConfigurationList;
			buildConfigurations = (
				4E22EDAE22C8C982004E360F /* Debug */,
				4E22EDAF22C8C982004E360F /* Release */,
			);
			defaultConfigurationIsVisible = 0;
			defaultConfigurationName = Release;
		};
		4E22EDBA22C8D557004E360F /* Build configuration list for PBXNativeTarget "链表查询" */ = {
			isa = XCConfigurationList;
			buildConfigurations = (
				4E22EDBB22C8D557004E360F /* Debug */,
				4E22EDBC22C8D557004E360F /* Release */,
			);
			defaultConfigurationIsVisible = 0;
			defaultConfigurationName = Release;
		};
		4E22EDC522C8DD2F004E360F /* Build configuration list for PBXNativeTarget "自定义链表" */ = {
			isa = XCConfigurationList;
			buildConfigurations = (
				4E22EDC622C8DD2F004E360F /* Debug */,
				4E22EDC722C8DD2F004E360F /* Release */,
			);
			defaultConfigurationIsVisible = 0;
			defaultConfigurationName = Release;
		};
		4E22EDD222C90033004E360F /* Build configuration list for PBXNativeTarget "邻值查找" */ = {
			isa = XCConfigurationList;
			buildConfigurations = (
				4E22EDD022C90033004E360F /* Debug */,
				4E22EDD122C90033004E360F /* Release */,
			);
			defaultConfigurationIsVisible = 0;
			defaultConfigurationName = Release;
		};
		4E23369122CA30A400410E6A /* Build configuration list for PBXNativeTarget "切割木头" */ = {
			isa = XCConfigurationList;
			buildConfigurations = (
				4E23368F22CA30A400410E6A /* Debug */,
				4E23369022CA30A400410E6A /* Release */,
			);
			defaultConfigurationIsVisible = 0;
			defaultConfigurationName = Release;
		};
		4E51D07222C908F600E7DF1C /* Build configuration list for PBXNativeTarget "stl_list" */ = {
			isa = XCConfigurationList;
			buildConfigurations = (
				4E51D07022C908F600E7DF1C /* Debug */,
				4E51D07122C908F600E7DF1C /* Release */,
			);
			defaultConfigurationIsVisible = 0;
			defaultConfigurationName = Release;
		};
		4E51D07B22CA1C8100E7DF1C /* Build configuration list for PBXNativeTarget "简单二分" */ = {
			isa = XCConfigurationList;
			buildConfigurations = (
				4E51D07C22CA1C8100E7DF1C /* Debug */,
				4E51D07D22CA1C8100E7DF1C /* Release */,
			);
			defaultConfigurationIsVisible = 0;
			defaultConfigurationName = Release;
		};
		4E51D09122CA1F5100E7DF1C /* Build configuration list for PBXNativeTarget "最大装载(二分)" */ = {
			isa = XCConfigurationList;
			buildConfigurations = (
				4E51D09222CA1F5100E7DF1C /* Debug */,
				4E51D09322CA1F5100E7DF1C /* Release */,
			);
			defaultConfigurationIsVisible = 0;
			defaultConfigurationName = Release;
		};
		4E5F85C922C7C2BD00C7C8A2 /* Build configuration list for PBXNativeTarget "1000" */ = {
			isa = XCConfigurationList;
			buildConfigurations = (
				4E5F85CA22C7C2BD00C7C8A2 /* Debug */,
				4E5F85CB22C7C2BD00C7C8A2 /* Release */,
			);
			defaultConfigurationIsVisible = 0;
			defaultConfigurationName = Release;
		};
		4E5F85D422C836BF00C7C8A2 /* Build configuration list for PBXNativeTarget "1001" */ = {
			isa = XCConfigurationList;
			buildConfigurations = (
				4E5F85D522C836BF00C7C8A2 /* Debug */,
				4E5F85D622C836BF00C7C8A2 /* Release */,
			);
			defaultConfigurationIsVisible = 0;
			defaultConfigurationName = Release;
		};
		4E5F85E222C8444600C7C8A2 /* Build configuration list for PBXNativeTarget "1002" */ = {
			isa = XCConfigurationList;
			buildConfigurations = (
				4E5F85E322C8444600C7C8A2 /* Debug */,
				4E5F85E422C8444600C7C8A2 /* Release */,
			);
			defaultConfigurationIsVisible = 0;
			defaultConfigurationName = Release;
		};
		4E5F85ED22C845E000C7C8A2 /* Build configuration list for PBXNativeTarget "1003" */ = {
			isa = XCConfigurationList;
			buildConfigurations = (
				4E5F85EE22C845E000C7C8A2 /* Debug */,
				4E5F85EF22C845E000C7C8A2 /* Release */,
			);
			defaultConfigurationIsVisible = 0;
			defaultConfigurationName = Release;
		};
		4EED013322C86DBE00DD4935 /* Build configuration list for PBXNativeTarget "1004" */ = {
			isa = XCConfigurationList;
			buildConfigurations = (
				4EED013122C86DBE00DD4935 /* Debug */,
				4EED013222C86DBE00DD4935 /* Release */,
			);
			defaultConfigurationIsVisible = 0;
			defaultConfigurationName = Release;
		};
		4EED013C22C86EF200DD4935 /* Build configuration list for PBXNativeTarget "1005" */ = {
			isa = XCConfigurationList;
			buildConfigurations = (
				4EED013D22C86EF200DD4935 /* Debug */,
				4EED013E22C86EF200DD4935 /* Release */,
			);
			defaultConfigurationIsVisible = 0;
			defaultConfigurationName = Release;
		};
		4EED014722C8704000DD4935 /* Build configuration list for PBXNativeTarget "1006" */ = {
			isa = XCConfigurationList;
			buildConfigurations = (
				4EED014822C8704000DD4935 /* Debug */,
				4EED014922C8704000DD4935 /* Release */,
			);
			defaultConfigurationIsVisible = 0;
			defaultConfigurationName = Release;
		};
		4EED015422C892AE00DD4935 /* Build configuration list for PBXNativeTarget "1007" */ = {
			isa = XCConfigurationList;
			buildConfigurations = (
				4EED015222C892AE00DD4935 /* Debug */,
				4EED015322C892AE00DD4935 /* Release */,
			);
			defaultConfigurationIsVisible = 0;
			defaultConfigurationName = Release;
		};
		4EED015D22C8944600DD4935 /* Build configuration list for PBXNativeTarget "1008" */ = {
			isa = XCConfigurationList;
			buildConfigurations = (
				4EED015E22C8944600DD4935 /* Debug */,
				4EED015F22C8944600DD4935 /* Release */,
			);
			defaultConfigurationIsVisible = 0;
			defaultConfigurationName = Release;
		};
		4EFAFE0822C755D000DC8D7C /* Build configuration list for PBXNativeTarget "IncDec" */ = {
			isa = XCConfigurationList;
			buildConfigurations = (
				4EFAFE0622C755D000DC8D7C /* Debug */,
				4EFAFE0722C755D000DC8D7C /* Release */,
			);
			defaultConfigurationIsVisible = 0;
			defaultConfigurationName = Release;
		};
		D4E64ACD4AF5E86FE9D7BFBB /* Build configuration list for PBXProject "Algorithms" */ = {
			isa = XCConfigurationList;
			buildConfigurations = (
				D4E647496A12FD53EBF20699 /* Debug */,
				D4E644CA6E025FEEA74F1860 /* Release */,
			);
			defaultConfigurationIsVisible = 0;
			defaultConfigurationName = Release;
		};
/* End XCConfigurationList section */
	};
	rootObject = D4E64B70CE937B7969C046B4 /* Project object */;
}
