// !$*UTF8*$!
{
	archiveVersion = 1;
	classes = {
	};
	objectVersion = 46;
	objects = {

/* Begin PBXBuildFile section */
		4E0C176922B4BF0700FD87A2 /* 16宫格.cpp in Sources */ = {isa = PBXBuildFile; fileRef = 4E0C176822B4BF0700FD87A2 /* 16宫格.cpp */; };
		4E0C177422B4D92E00FD87A2 /* 16zone_debug.cpp in Sources */ = {isa = PBXBuildFile; fileRef = 4E0C177322B4D92E00FD87A2 /* 16zone_debug.cpp */; };
		4E229D8822AB7E8E0099F037 /* TestEnv.cpp in Sources */ = {isa = PBXBuildFile; fileRef = 4E229D8722AB7E8E0099F037 /* TestEnv.cpp */; };
		4E229D9022AB82040099F037 /* 九宫格.cpp in Sources */ = {isa = PBXBuildFile; fileRef = 4E229D8F22AB82040099F037 /* 九宫格.cpp */; };
		4E229D9B22AB96710099F037 /* 八数码问题.cpp in Sources */ = {isa = PBXBuildFile; fileRef = 4E229D9A22AB96710099F037 /* 八数码问题.cpp */; };
		D4E6499C41AD4731E4719DF3 /* main.cpp in Sources */ = {isa = PBXBuildFile; fileRef = D4E64C3DA0CBED84EA62336E /* main.cpp */; };
/* End PBXBuildFile section */

/* Begin PBXCopyFilesBuildPhase section */
		4E0C176422B4BF0700FD87A2 /* CopyFiles */ = {
			isa = PBXCopyFilesBuildPhase;
			buildActionMask = 2147483647;
			dstPath = /usr/share/man/man1/;
			dstSubfolderSpec = 0;
			files = (
			);
			runOnlyForDeploymentPostprocessing = 1;
		};
		4E0C176F22B4D92E00FD87A2 /* CopyFiles */ = {
			isa = PBXCopyFilesBuildPhase;
			buildActionMask = 2147483647;
			dstPath = /usr/share/man/man1/;
			dstSubfolderSpec = 0;
			files = (
			);
			runOnlyForDeploymentPostprocessing = 1;
		};
		4E229D7E22AB7E6A0099F037 /* CopyFiles */ = {
			isa = PBXCopyFilesBuildPhase;
			buildActionMask = 2147483647;
			dstPath = /usr/share/man/man1/;
			dstSubfolderSpec = 0;
			files = (
			);
			runOnlyForDeploymentPostprocessing = 1;
		};
		4E229D8B22AB82040099F037 /* CopyFiles */ = {
			isa = PBXCopyFilesBuildPhase;
			buildActionMask = 2147483647;
			dstPath = /usr/share/man/man1/;
			dstSubfolderSpec = 0;
			files = (
			);
			runOnlyForDeploymentPostprocessing = 1;
		};
		4E229D9622AB96710099F037 /* CopyFiles */ = {
			isa = PBXCopyFilesBuildPhase;
			buildActionMask = 2147483647;
			dstPath = /usr/share/man/man1/;
			dstSubfolderSpec = 0;
			files = (
			);
			runOnlyForDeploymentPostprocessing = 1;
		};
		D4E64785FBF59DDD961AB922 /* CopyFiles */ = {
			isa = PBXCopyFilesBuildPhase;
			buildActionMask = 2147483647;
			dstPath = /usr/share/man/man1/;
			dstSubfolderSpec = 0;
			files = (
			);
			runOnlyForDeploymentPostprocessing = 1;
		};
/* End PBXCopyFilesBuildPhase section */

/* Begin PBXFileReference section */
		4E0C176622B4BF0700FD87A2 /* 16宫格 */ = {isa = PBXFileReference; explicitFileType = "compiled.mach-o.executable"; includeInIndex = 0; path = "16宫格"; sourceTree = BUILT_PRODUCTS_DIR; };
		4E0C176822B4BF0700FD87A2 /* 16宫格.cpp */ = {isa = PBXFileReference; lastKnownFileType = sourcecode.cpp.cpp; path = "16宫格.cpp"; sourceTree = "<group>"; };
		4E0C177122B4D92E00FD87A2 /* 16zone_debug */ = {isa = PBXFileReference; explicitFileType = "compiled.mach-o.executable"; includeInIndex = 0; path = 16zone_debug; sourceTree = BUILT_PRODUCTS_DIR; };
		4E0C177322B4D92E00FD87A2 /* 16zone_debug.cpp */ = {isa = PBXFileReference; lastKnownFileType = sourcecode.cpp.cpp; path = 16zone_debug.cpp; sourceTree = "<group>"; };
		4E229D8022AB7E6A0099F037 /* TestEnv */ = {isa = PBXFileReference; explicitFileType = "compiled.mach-o.executable"; includeInIndex = 0; path = TestEnv; sourceTree = BUILT_PRODUCTS_DIR; };
		4E229D8722AB7E8E0099F037 /* TestEnv.cpp */ = {isa = PBXFileReference; lastKnownFileType = sourcecode.cpp.cpp; path = TestEnv.cpp; sourceTree = "<group>"; };
		4E229D8D22AB82040099F037 /* 九宫格 */ = {isa = PBXFileReference; explicitFileType = "compiled.mach-o.executable"; includeInIndex = 0; path = "九宫格"; sourceTree = BUILT_PRODUCTS_DIR; };
		4E229D8F22AB82040099F037 /* 九宫格.cpp */ = {isa = PBXFileReference; lastKnownFileType = sourcecode.cpp.cpp; path = "九宫格.cpp"; sourceTree = "<group>"; };
		4E229D9822AB96710099F037 /* 八数码问题 */ = {isa = PBXFileReference; explicitFileType = "compiled.mach-o.executable"; includeInIndex = 0; path = "八数码问题"; sourceTree = BUILT_PRODUCTS_DIR; };
		4E229D9A22AB96710099F037 /* 八数码问题.cpp */ = {isa = PBXFileReference; lastKnownFileType = sourcecode.cpp.cpp; path = "八数码问题.cpp"; sourceTree = "<group>"; };
		D4E64C3DA0CBED84EA62336E /* main.cpp */ = {isa = PBXFileReference; lastKnownFileType = sourcecode.cpp.cpp; path = main.cpp; sourceTree = "<group>"; };
		D4E64FB0BDA70BF0F8C3CB77 /* Algorithms */ = {isa = PBXFileReference; explicitFileType = "compiled.mach-o.executable"; includeInIndex = 0; path = Algorithms; sourceTree = BUILT_PRODUCTS_DIR; };
/* End PBXFileReference section */

/* Begin PBXFrameworksBuildPhase section */
		4E0C176322B4BF0700FD87A2 /* Frameworks */ = {
			isa = PBXFrameworksBuildPhase;
			buildActionMask = 2147483647;
			files = (
			);
			runOnlyForDeploymentPostprocessing = 0;
		};
		4E0C176E22B4D92E00FD87A2 /* Frameworks */ = {
			isa = PBXFrameworksBuildPhase;
			buildActionMask = 2147483647;
			files = (
			);
			runOnlyForDeploymentPostprocessing = 0;
		};
		4E229D7D22AB7E6A0099F037 /* Frameworks */ = {
			isa = PBXFrameworksBuildPhase;
			buildActionMask = 2147483647;
			files = (
			);
			runOnlyForDeploymentPostprocessing = 0;
		};
		4E229D8A22AB82040099F037 /* Frameworks */ = {
			isa = PBXFrameworksBuildPhase;
			buildActionMask = 2147483647;
			files = (
			);
			runOnlyForDeploymentPostprocessing = 0;
		};
		4E229D9522AB96710099F037 /* Frameworks */ = {
			isa = PBXFrameworksBuildPhase;
			buildActionMask = 2147483647;
			files = (
			);
			runOnlyForDeploymentPostprocessing = 0;
		};
		D4E644AE724173BF62C6965D /* Frameworks */ = {
			isa = PBXFrameworksBuildPhase;
			buildActionMask = 2147483647;
			files = (
			);
			runOnlyForDeploymentPostprocessing = 0;
		};
/* End PBXFrameworksBuildPhase section */

/* Begin PBXGroup section */
		D4E642F20D0DE8D8F55AD1C9 /* Products */ = {
			isa = PBXGroup;
			children = (
				D4E64FB0BDA70BF0F8C3CB77 /* Algorithms */,
				4E229D8022AB7E6A0099F037 /* TestEnv */,
				4E229D8D22AB82040099F037 /* 九宫格 */,
				4E229D9822AB96710099F037 /* 八数码问题 */,
				4E0C176622B4BF0700FD87A2 /* 16宫格 */,
				4E0C177122B4D92E00FD87A2 /* 16zone_debug */,
			);
			name = Products;
			sourceTree = "<group>";
		};
		D4E64631C21FD8511F2AD118 = {
			isa = PBXGroup;
			children = (
				D4E64C3DA0CBED84EA62336E /* main.cpp */,
				D4E64CF283E98951C362B507 /* Algorithms */,
				D4E642F20D0DE8D8F55AD1C9 /* Products */,
			);
			sourceTree = "<group>";
		};
		D4E64CF283E98951C362B507 /* Algorithms */ = {
			isa = PBXGroup;
			children = (
				4E229D8722AB7E8E0099F037 /* TestEnv.cpp */,
				4E229D8F22AB82040099F037 /* 九宫格.cpp */,
				4E229D9A22AB96710099F037 /* 八数码问题.cpp */,
				4E0C176822B4BF0700FD87A2 /* 16宫格.cpp */,
				4E0C177322B4D92E00FD87A2 /* 16zone_debug.cpp */,
			);
			path = Algorithms;
			sourceTree = "<group>";
		};
/* End PBXGroup section */

/* Begin PBXNativeTarget section */
		4E0C176522B4BF0700FD87A2 /* 16宫格 */ = {
			isa = PBXNativeTarget;
			buildConfigurationList = 4E0C176C22B4BF0700FD87A2 /* Build configuration list for PBXNativeTarget "16宫格" */;
			buildPhases = (
				4E0C176222B4BF0700FD87A2 /* Sources */,
				4E0C176322B4BF0700FD87A2 /* Frameworks */,
				4E0C176422B4BF0700FD87A2 /* CopyFiles */,
			);
			buildRules = (
			);
			dependencies = (
			);
			name = "16宫格";
			productName = "16宫格";
			productReference = 4E0C176622B4BF0700FD87A2 /* 16宫格 */;
			productType = "com.apple.product-type.tool";
		};
		4E0C177022B4D92E00FD87A2 /* 16zone_debug */ = {
			isa = PBXNativeTarget;
			buildConfigurationList = 4E0C177522B4D92E00FD87A2 /* Build configuration list for PBXNativeTarget "16zone_debug" */;
			buildPhases = (
				4E0C176D22B4D92E00FD87A2 /* Sources */,
				4E0C176E22B4D92E00FD87A2 /* Frameworks */,
				4E0C176F22B4D92E00FD87A2 /* CopyFiles */,
			);
			buildRules = (
			);
			dependencies = (
			);
			name = 16zone_debug;
			productName = 16zone_debug;
			productReference = 4E0C177122B4D92E00FD87A2 /* 16zone_debug */;
			productType = "com.apple.product-type.tool";
		};
		4E229D7F22AB7E6A0099F037 /* TestEnv */ = {
			isa = PBXNativeTarget;
			buildConfigurationList = 4E229D8422AB7E6A0099F037 /* Build configuration list for PBXNativeTarget "TestEnv" */;
			buildPhases = (
				4E229D7C22AB7E6A0099F037 /* Sources */,
				4E229D7D22AB7E6A0099F037 /* Frameworks */,
				4E229D7E22AB7E6A0099F037 /* CopyFiles */,
			);
			buildRules = (
			);
			dependencies = (
			);
			name = TestEnv;
			productName = TestEnv;
			productReference = 4E229D8022AB7E6A0099F037 /* TestEnv */;
			productType = "com.apple.product-type.tool";
		};
		4E229D8C22AB82040099F037 /* 九宫格 */ = {
			isa = PBXNativeTarget;
			buildConfigurationList = 4E229D9122AB82040099F037 /* Build configuration list for PBXNativeTarget "九宫格" */;
			buildPhases = (
				4E229D8922AB82040099F037 /* Sources */,
				4E229D8A22AB82040099F037 /* Frameworks */,
				4E229D8B22AB82040099F037 /* CopyFiles */,
			);
			buildRules = (
			);
			dependencies = (
			);
			name = "九宫格";
			productName = "九宫格";
			productReference = 4E229D8D22AB82040099F037 /* 九宫格 */;
			productType = "com.apple.product-type.tool";
		};
		4E229D9722AB96710099F037 /* 八数码问题 */ = {
			isa = PBXNativeTarget;
			buildConfigurationList = 4E229D9E22AB96710099F037 /* Build configuration list for PBXNativeTarget "八数码问题" */;
			buildPhases = (
				4E229D9422AB96710099F037 /* Sources */,
				4E229D9522AB96710099F037 /* Frameworks */,
				4E229D9622AB96710099F037 /* CopyFiles */,
			);
			buildRules = (
			);
			dependencies = (
			);
			name = "八数码问题";
			productName = "八数码问题";
			productReference = 4E229D9822AB96710099F037 /* 八数码问题 */;
			productType = "com.apple.product-type.tool";
		};
		D4E6410ED79C366E4DB8ED74 /* Algorithms */ = {
			isa = PBXNativeTarget;
			buildConfigurationList = D4E6480E48F3DD96D3336B4E /* Build configuration list for PBXNativeTarget "Algorithms" */;
			buildPhases = (
				D4E645173F749B3747EEE6D4 /* Sources */,
				D4E644AE724173BF62C6965D /* Frameworks */,
				D4E64785FBF59DDD961AB922 /* CopyFiles */,
			);
			buildRules = (
			);
			dependencies = (
			);
			name = Algorithms;
			productName = Algorithms;
			productReference = D4E64FB0BDA70BF0F8C3CB77 /* Algorithms */;
			productType = "com.apple.product-type.tool";
		};
/* End PBXNativeTarget section */

/* Begin PBXProject section */
		D4E64B70CE937B7969C046B4 /* Project object */ = {
			isa = PBXProject;
			attributes = {
				ORGANIZATIONNAME = lukealpha;
				TargetAttributes = {
					4E0C176522B4BF0700FD87A2 = {
						CreatedOnToolsVersion = 10.2.1;
						ProvisioningStyle = Automatic;
					};
					4E0C177022B4D92E00FD87A2 = {
						CreatedOnToolsVersion = 10.2.1;
						ProvisioningStyle = Automatic;
					};
					4E229D7F22AB7E6A0099F037 = {
						CreatedOnToolsVersion = 10.2.1;
						ProvisioningStyle = Automatic;
					};
					4E229D8C22AB82040099F037 = {
						CreatedOnToolsVersion = 10.2.1;
						ProvisioningStyle = Automatic;
					};
					4E229D9722AB96710099F037 = {
						CreatedOnToolsVersion = 10.2.1;
						ProvisioningStyle = Automatic;
					};
				};
			};
			buildConfigurationList = D4E64ACD4AF5E86FE9D7BFBB /* Build configuration list for PBXProject "Algorithms" */;
			compatibilityVersion = "Xcode 3.2";
			developmentRegion = en;
			hasScannedForEncodings = 0;
			knownRegions = (
				en,
				Base,
			);
			mainGroup = D4E64631C21FD8511F2AD118;
			productRefGroup = D4E642F20D0DE8D8F55AD1C9 /* Products */;
			projectDirPath = "";
			projectRoot = "";
			targets = (
				D4E6410ED79C366E4DB8ED74 /* Algorithms */,
				4E229D7F22AB7E6A0099F037 /* TestEnv */,
				4E229D8C22AB82040099F037 /* 九宫格 */,
				4E229D9722AB96710099F037 /* 八数码问题 */,
				4E0C176522B4BF0700FD87A2 /* 16宫格 */,
				4E0C177022B4D92E00FD87A2 /* 16zone_debug */,
			);
		};
/* End PBXProject section */

/* Begin PBXSourcesBuildPhase section */
		4E0C176222B4BF0700FD87A2 /* Sources */ = {
			isa = PBXSourcesBuildPhase;
			buildActionMask = 2147483647;
			files = (
				4E0C176922B4BF0700FD87A2 /* 16宫格.cpp in Sources */,
			);
			runOnlyForDeploymentPostprocessing = 0;
		};
		4E0C176D22B4D92E00FD87A2 /* Sources */ = {
			isa = PBXSourcesBuildPhase;
			buildActionMask = 2147483647;
			files = (
				4E0C177422B4D92E00FD87A2 /* 16zone_debug.cpp in Sources */,
			);
			runOnlyForDeploymentPostprocessing = 0;
		};
		4E229D7C22AB7E6A0099F037 /* Sources */ = {
			isa = PBXSourcesBuildPhase;
			buildActionMask = 2147483647;
			files = (
				4E229D8822AB7E8E0099F037 /* TestEnv.cpp in Sources */,
			);
			runOnlyForDeploymentPostprocessing = 0;
		};
		4E229D8922AB82040099F037 /* Sources */ = {
			isa = PBXSourcesBuildPhase;
			buildActionMask = 2147483647;
			files = (
				4E229D9022AB82040099F037 /* 九宫格.cpp in Sources */,
			);
			runOnlyForDeploymentPostprocessing = 0;
		};
		4E229D9422AB96710099F037 /* Sources */ = {
			isa = PBXSourcesBuildPhase;
			buildActionMask = 2147483647;
			files = (
				4E229D9B22AB96710099F037 /* 八数码问题.cpp in Sources */,
			);
			runOnlyForDeploymentPostprocessing = 0;
		};
		D4E645173F749B3747EEE6D4 /* Sources */ = {
			isa = PBXSourcesBuildPhase;
			buildActionMask = 2147483647;
			files = (
				D4E6499C41AD4731E4719DF3 /* main.cpp in Sources */,
			);
			runOnlyForDeploymentPostprocessing = 0;
		};
/* End PBXSourcesBuildPhase section */

/* Begin XCBuildConfiguration section */
		4E0C176A22B4BF0700FD87A2 /* Debug */ = {
			isa = XCBuildConfiguration;
			buildSettings = {
				CODE_SIGN_STYLE = Automatic;
				PRODUCT_NAME = "$(TARGET_NAME)";
			};
			name = Debug;
		};
		4E0C176B22B4BF0700FD87A2 /* Release */ = {
			isa = XCBuildConfiguration;
			buildSettings = {
				CODE_SIGN_STYLE = Automatic;
				PRODUCT_NAME = "$(TARGET_NAME)";
			};
			name = Release;
		};
		4E0C177622B4D92E00FD87A2 /* Debug */ = {
			isa = XCBuildConfiguration;
			buildSettings = {
				CODE_SIGN_STYLE = Automatic;
				PRODUCT_NAME = "$(TARGET_NAME)";
			};
			name = Debug;
		};
		4E0C177722B4D92E00FD87A2 /* Release */ = {
			isa = XCBuildConfiguration;
			buildSettings = {
				CODE_SIGN_STYLE = Automatic;
				PRODUCT_NAME = "$(TARGET_NAME)";
			};
			name = Release;
		};
		4E229D8522AB7E6A0099F037 /* Debug */ = {
			isa = XCBuildConfiguration;
			buildSettings = {
				CODE_SIGN_STYLE = Automatic;
				PRODUCT_NAME = "$(TARGET_NAME)";
			};
			name = Debug;
		};
		4E229D8622AB7E6A0099F037 /* Release */ = {
			isa = XCBuildConfiguration;
			buildSettings = {
				CODE_SIGN_STYLE = Automatic;
				PRODUCT_NAME = "$(TARGET_NAME)";
			};
			name = Release;
		};
		4E229D9222AB82040099F037 /* Debug */ = {
			isa = XCBuildConfiguration;
			buildSettings = {
				CODE_SIGN_STYLE = Automatic;
				PRODUCT_NAME = "$(TARGET_NAME)";
			};
			name = Debug;
		};
		4E229D9322AB82040099F037 /* Release */ = {
			isa = XCBuildConfiguration;
			buildSettings = {
				CODE_SIGN_STYLE = Automatic;
				PRODUCT_NAME = "$(TARGET_NAME)";
			};
			name = Release;
		};
		4E229D9C22AB96710099F037 /* Debug */ = {
			isa = XCBuildConfiguration;
			buildSettings = {
				CODE_SIGN_STYLE = Automatic;
				PRODUCT_NAME = "$(TARGET_NAME)";
			};
			name = Debug;
		};
		4E229D9D22AB96710099F037 /* Release */ = {
			isa = XCBuildConfiguration;
			buildSettings = {
				CODE_SIGN_STYLE = Automatic;
				PRODUCT_NAME = "$(TARGET_NAME)";
			};
			name = Release;
		};
		D4E64070BD18E0A7053C5A43 /* Debug */ = {
			isa = XCBuildConfiguration;
			buildSettings = {
				PRODUCT_NAME = "$(TARGET_NAME)";
			};
			name = Debug;
		};
		D4E644CA6E025FEEA74F1860 /* Release */ = {
			isa = XCBuildConfiguration;
			buildSettings = {
				ALWAYS_SEARCH_USER_PATHS = NO;
				CLANG_ANALYZER_NONNULL = YES;
				CLANG_ANALYZER_NUMBER_OBJECT_CONVERSION = YES_AGGRESSIVE;
				CLANG_CXX_LANGUAGE_STANDARD = "gnu++14";
				CLANG_CXX_LIBRARY = "libc++";
				CLANG_ENABLE_MODULES = YES;
				CLANG_ENABLE_OBJC_ARC = YES;
				CLANG_ENABLE_OBJC_WEAK = YES;
				CLANG_WARN_BLOCK_CAPTURE_AUTORELEASING = YES;
				CLANG_WARN_BOOL_CONVERSION = YES;
				CLANG_WARN_COMMA = YES;
				CLANG_WARN_CONSTANT_CONVERSION = YES;
				CLANG_WARN_DEPRECATED_OBJC_IMPLEMENTATIONS = YES;
				CLANG_WARN_DIRECT_OBJC_ISA_USAGE = YES_ERROR;
				CLANG_WARN_DOCUMENTATION_COMMENTS = YES;
				CLANG_WARN_EMPTY_BODY = YES;
				CLANG_WARN_ENUM_CONVERSION = YES;
				CLANG_WARN_INFINITE_RECURSION = YES;
				CLANG_WARN_INT_CONVERSION = YES;
				CLANG_WARN_NON_LITERAL_NULL_CONVERSION = YES;
				CLANG_WARN_OBJC_IMPLICIT_RETAIN_SELF = YES;
				CLANG_WARN_OBJC_LITERAL_CONVERSION = YES;
				CLANG_WARN_OBJC_ROOT_CLASS = YES_ERROR;
				CLANG_WARN_RANGE_LOOP_ANALYSIS = YES;
				CLANG_WARN_STRICT_PROTOTYPES = YES;
				CLANG_WARN_SUSPICIOUS_MOVE = YES;
				CLANG_WARN_UNGUARDED_AVAILABILITY = YES_AGGRESSIVE;
				CLANG_WARN_UNREACHABLE_CODE = YES;
				CLANG_WARN__DUPLICATE_METHOD_MATCH = YES;
				CODE_SIGN_IDENTITY = "-";
				COPY_PHASE_STRIP = NO;
				DEBUG_INFORMATION_FORMAT = "dwarf-with-dsym";
				ENABLE_NS_ASSERTIONS = NO;
				ENABLE_STRICT_OBJC_MSGSEND = YES;
				GCC_C_LANGUAGE_STANDARD = gnu11;
				GCC_NO_COMMON_BLOCKS = YES;
				GCC_WARN_64_TO_32_BIT_CONVERSION = YES;
				GCC_WARN_ABOUT_RETURN_TYPE = YES_ERROR;
				GCC_WARN_UNDECLARED_SELECTOR = YES;
				GCC_WARN_UNINITIALIZED_AUTOS = YES_AGGRESSIVE;
				GCC_WARN_UNUSED_FUNCTION = YES;
				GCC_WARN_UNUSED_VARIABLE = YES;
				MACOSX_DEPLOYMENT_TARGET = 10.14;
				MTL_ENABLE_DEBUG_INFO = NO;
				MTL_FAST_MATH = YES;
				SDKROOT = macosx;
			};
			name = Release;
		};
		D4E647496A12FD53EBF20699 /* Debug */ = {
			isa = XCBuildConfiguration;
			buildSettings = {
				ALWAYS_SEARCH_USER_PATHS = NO;
				CLANG_ANALYZER_NONNULL = YES;
				CLANG_ANALYZER_NUMBER_OBJECT_CONVERSION = YES_AGGRESSIVE;
				CLANG_CXX_LANGUAGE_STANDARD = "gnu++14";
				CLANG_CXX_LIBRARY = "libc++";
				CLANG_ENABLE_MODULES = YES;
				CLANG_ENABLE_OBJC_ARC = YES;
				CLANG_ENABLE_OBJC_WEAK = YES;
				CLANG_WARN_BLOCK_CAPTURE_AUTORELEASING = YES;
				CLANG_WARN_BOOL_CONVERSION = YES;
				CLANG_WARN_COMMA = YES;
				CLANG_WARN_CONSTANT_CONVERSION = YES;
				CLANG_WARN_DEPRECATED_OBJC_IMPLEMENTATIONS = YES;
				CLANG_WARN_DIRECT_OBJC_ISA_USAGE = YES_ERROR;
				CLANG_WARN_DOCUMENTATION_COMMENTS = YES;
				CLANG_WARN_EMPTY_BODY = YES;
				CLANG_WARN_ENUM_CONVERSION = YES;
				CLANG_WARN_INFINITE_RECURSION = YES;
				CLANG_WARN_INT_CONVERSION = YES;
				CLANG_WARN_NON_LITERAL_NULL_CONVERSION = YES;
				CLANG_WARN_OBJC_IMPLICIT_RETAIN_SELF = YES;
				CLANG_WARN_OBJC_LITERAL_CONVERSION = YES;
				CLANG_WARN_OBJC_ROOT_CLASS = YES_ERROR;
				CLANG_WARN_RANGE_LOOP_ANALYSIS = YES;
				CLANG_WARN_STRICT_PROTOTYPES = YES;
				CLANG_WARN_SUSPICIOUS_MOVE = YES;
				CLANG_WARN_UNGUARDED_AVAILABILITY = YES_AGGRESSIVE;
				CLANG_WARN_UNREACHABLE_CODE = YES;
				CLANG_WARN__DUPLICATE_METHOD_MATCH = YES;
				CODE_SIGN_IDENTITY = "-";
				COPY_PHASE_STRIP = NO;
				DEBUG_INFORMATION_FORMAT = dwarf;
				ENABLE_STRICT_OBJC_MSGSEND = YES;
				ENABLE_TESTABILITY = YES;
				GCC_C_LANGUAGE_STANDARD = gnu11;
				GCC_DYNAMIC_NO_PIC = NO;
				GCC_NO_COMMON_BLOCKS = YES;
				GCC_OPTIMIZATION_LEVEL = 0;
				GCC_PREPROCESSOR_DEFINITIONS = (
					"DEBUG=1",
					"$(inherited)",
				);
				GCC_WARN_64_TO_32_BIT_CONVERSION = YES;
				GCC_WARN_ABOUT_RETURN_TYPE = YES_ERROR;
				GCC_WARN_UNDECLARED_SELECTOR = YES;
				GCC_WARN_UNINITIALIZED_AUTOS = YES_AGGRESSIVE;
				GCC_WARN_UNUSED_FUNCTION = YES;
				GCC_WARN_UNUSED_VARIABLE = YES;
				MACOSX_DEPLOYMENT_TARGET = 10.14;
				MTL_ENABLE_DEBUG_INFO = INCLUDE_SOURCE;
				MTL_FAST_MATH = YES;
				ONLY_ACTIVE_ARCH = YES;
				SDKROOT = macosx;
			};
			name = Debug;
		};
		D4E64D2E81F3AC99D39626B3 /* Release */ = {
			isa = XCBuildConfiguration;
			buildSettings = {
				PRODUCT_NAME = "$(TARGET_NAME)";
			};
			name = Release;
		};
/* End XCBuildConfiguration section */

/* Begin XCConfigurationList section */
		4E0C176C22B4BF0700FD87A2 /* Build configuration list for PBXNativeTarget "16宫格" */ = {
			isa = XCConfigurationList;
			buildConfigurations = (
				4E0C176A22B4BF0700FD87A2 /* Debug */,
				4E0C176B22B4BF0700FD87A2 /* Release */,
			);
			defaultConfigurationIsVisible = 0;
			defaultConfigurationName = Release;
		};
		4E0C177522B4D92E00FD87A2 /* Build configuration list for PBXNativeTarget "16zone_debug" */ = {
			isa = XCConfigurationList;
			buildConfigurations = (
				4E0C177622B4D92E00FD87A2 /* Debug */,
				4E0C177722B4D92E00FD87A2 /* Release */,
			);
			defaultConfigurationIsVisible = 0;
			defaultConfigurationName = Release;
		};
		4E229D8422AB7E6A0099F037 /* Build configuration list for PBXNativeTarget "TestEnv" */ = {
			isa = XCConfigurationList;
			buildConfigurations = (
				4E229D8522AB7E6A0099F037 /* Debug */,
				4E229D8622AB7E6A0099F037 /* Release */,
			);
			defaultConfigurationIsVisible = 0;
			defaultConfigurationName = Release;
		};
		4E229D9122AB82040099F037 /* Build configuration list for PBXNativeTarget "九宫格" */ = {
			isa = XCConfigurationList;
			buildConfigurations = (
				4E229D9222AB82040099F037 /* Debug */,
				4E229D9322AB82040099F037 /* Release */,
			);
			defaultConfigurationIsVisible = 0;
			defaultConfigurationName = Release;
		};
		4E229D9E22AB96710099F037 /* Build configuration list for PBXNativeTarget "八数码问题" */ = {
			isa = XCConfigurationList;
			buildConfigurations = (
				4E229D9C22AB96710099F037 /* Debug */,
				4E229D9D22AB96710099F037 /* Release */,
			);
			defaultConfigurationIsVisible = 0;
			defaultConfigurationName = Release;
		};
		D4E6480E48F3DD96D3336B4E /* Build configuration list for PBXNativeTarget "Algorithms" */ = {
			isa = XCConfigurationList;
			buildConfigurations = (
				D4E64070BD18E0A7053C5A43 /* Debug */,
				D4E64D2E81F3AC99D39626B3 /* Release */,
			);
			defaultConfigurationIsVisible = 0;
			defaultConfigurationName = Release;
		};
		D4E64ACD4AF5E86FE9D7BFBB /* Build configuration list for PBXProject "Algorithms" */ = {
			isa = XCConfigurationList;
			buildConfigurations = (
				D4E647496A12FD53EBF20699 /* Debug */,
				D4E644CA6E025FEEA74F1860 /* Release */,
			);
			defaultConfigurationIsVisible = 0;
			defaultConfigurationName = Release;
		};
/* End XCConfigurationList section */
	};
	rootObject = D4E64B70CE937B7969C046B4 /* Project object */;
}
